// !$*UTF8*$!
{
	archiveVersion = 1;
	classes = {
	};
	objectVersion = 46;
	objects = {

/* Begin PBXBuildFile section */
		777873071D9C16A0006E9B6D /* JSQMessagesFramework.h in Headers */ = {isa = PBXBuildFile; fileRef = 777873051D9C16A0006E9B6D /* JSQMessagesFramework.h */; settings = {ATTRIBUTES = (Public, ); }; };
		7778736F1D9C16C6006E9B6D /* JSQMessagesAssets.bundle in Resources */ = {isa = PBXBuildFile; fileRef = 7778730D1D9C16C6006E9B6D /* JSQMessagesAssets.bundle */; };
		777873701D9C16C6006E9B6D /* NSBundle+JSQMessages.h in Headers */ = {isa = PBXBuildFile; fileRef = 7778730F1D9C16C6006E9B6D /* NSBundle+JSQMessages.h */; };
		777873711D9C16C6006E9B6D /* NSBundle+JSQMessages.m in Sources */ = {isa = PBXBuildFile; fileRef = 777873101D9C16C6006E9B6D /* NSBundle+JSQMessages.m */; };
		777873721D9C16C6006E9B6D /* NSString+JSQMessages.h in Headers */ = {isa = PBXBuildFile; fileRef = 777873111D9C16C6006E9B6D /* NSString+JSQMessages.h */; };
		777873731D9C16C6006E9B6D /* NSString+JSQMessages.m in Sources */ = {isa = PBXBuildFile; fileRef = 777873121D9C16C6006E9B6D /* NSString+JSQMessages.m */; };
		777873741D9C16C6006E9B6D /* UIColor+JSQMessages.h in Headers */ = {isa = PBXBuildFile; fileRef = 777873131D9C16C6006E9B6D /* UIColor+JSQMessages.h */; };
		777873751D9C16C6006E9B6D /* UIColor+JSQMessages.m in Sources */ = {isa = PBXBuildFile; fileRef = 777873141D9C16C6006E9B6D /* UIColor+JSQMessages.m */; };
		777873761D9C16C6006E9B6D /* UIImage+JSQMessages.h in Headers */ = {isa = PBXBuildFile; fileRef = 777873151D9C16C6006E9B6D /* UIImage+JSQMessages.h */; };
		777873771D9C16C6006E9B6D /* UIImage+JSQMessages.m in Sources */ = {isa = PBXBuildFile; fileRef = 777873161D9C16C6006E9B6D /* UIImage+JSQMessages.m */; };
		777873781D9C16C6006E9B6D /* UIView+JSQMessages.h in Headers */ = {isa = PBXBuildFile; fileRef = 777873171D9C16C6006E9B6D /* UIView+JSQMessages.h */; };
		777873791D9C16C6006E9B6D /* UIView+JSQMessages.m in Sources */ = {isa = PBXBuildFile; fileRef = 777873181D9C16C6006E9B6D /* UIView+JSQMessages.m */; };
		7778737A1D9C16C6006E9B6D /* JSQMessagesViewController.h in Headers */ = {isa = PBXBuildFile; fileRef = 7778731A1D9C16C6006E9B6D /* JSQMessagesViewController.h */; };
		7778737B1D9C16C6006E9B6D /* JSQMessagesViewController.m in Sources */ = {isa = PBXBuildFile; fileRef = 7778731B1D9C16C6006E9B6D /* JSQMessagesViewController.m */; };
		7778737C1D9C16C6006E9B6D /* JSQMessagesViewController.xib in Resources */ = {isa = PBXBuildFile; fileRef = 7778731C1D9C16C6006E9B6D /* JSQMessagesViewController.xib */; };
		7778737D1D9C16C6006E9B6D /* JSQMessagesAvatarImageFactory.h in Headers */ = {isa = PBXBuildFile; fileRef = 7778731E1D9C16C6006E9B6D /* JSQMessagesAvatarImageFactory.h */; };
		7778737E1D9C16C6006E9B6D /* JSQMessagesAvatarImageFactory.m in Sources */ = {isa = PBXBuildFile; fileRef = 7778731F1D9C16C6006E9B6D /* JSQMessagesAvatarImageFactory.m */; };
		7778737F1D9C16C6006E9B6D /* JSQMessagesBubbleImageFactory.h in Headers */ = {isa = PBXBuildFile; fileRef = 777873201D9C16C6006E9B6D /* JSQMessagesBubbleImageFactory.h */; };
		777873801D9C16C6006E9B6D /* JSQMessagesBubbleImageFactory.m in Sources */ = {isa = PBXBuildFile; fileRef = 777873211D9C16C6006E9B6D /* JSQMessagesBubbleImageFactory.m */; };
		777873811D9C16C6006E9B6D /* JSQMessagesMediaViewBubbleImageMasker.h in Headers */ = {isa = PBXBuildFile; fileRef = 777873221D9C16C6006E9B6D /* JSQMessagesMediaViewBubbleImageMasker.h */; };
		777873821D9C16C6006E9B6D /* JSQMessagesMediaViewBubbleImageMasker.m in Sources */ = {isa = PBXBuildFile; fileRef = 777873231D9C16C6006E9B6D /* JSQMessagesMediaViewBubbleImageMasker.m */; };
		777873831D9C16C6006E9B6D /* JSQMessagesTimestampFormatter.h in Headers */ = {isa = PBXBuildFile; fileRef = 777873241D9C16C6006E9B6D /* JSQMessagesTimestampFormatter.h */; };
		777873841D9C16C6006E9B6D /* JSQMessagesTimestampFormatter.m in Sources */ = {isa = PBXBuildFile; fileRef = 777873251D9C16C6006E9B6D /* JSQMessagesTimestampFormatter.m */; };
		777873851D9C16C6006E9B6D /* JSQMessagesToolbarButtonFactory.h in Headers */ = {isa = PBXBuildFile; fileRef = 777873261D9C16C6006E9B6D /* JSQMessagesToolbarButtonFactory.h */; };
		777873861D9C16C6006E9B6D /* JSQMessagesToolbarButtonFactory.m in Sources */ = {isa = PBXBuildFile; fileRef = 777873271D9C16C6006E9B6D /* JSQMessagesToolbarButtonFactory.m */; };
		777873871D9C16C6006E9B6D /* JSQMessages.h in Headers */ = {isa = PBXBuildFile; fileRef = 777873291D9C16C6006E9B6D /* JSQMessages.h */; };
		777873881D9C16C6006E9B6D /* JSQAudioMediaViewAttributes.h in Headers */ = {isa = PBXBuildFile; fileRef = 7778732A1D9C16C6006E9B6D /* JSQAudioMediaViewAttributes.h */; };
		777873891D9C16C6006E9B6D /* JSQAudioMediaViewAttributes.m in Sources */ = {isa = PBXBuildFile; fileRef = 7778732B1D9C16C6006E9B6D /* JSQAudioMediaViewAttributes.m */; };
		7778738A1D9C16C6006E9B6D /* JSQMessagesBubbleSizeCalculating.h in Headers */ = {isa = PBXBuildFile; fileRef = 7778732C1D9C16C6006E9B6D /* JSQMessagesBubbleSizeCalculating.h */; };
		7778738B1D9C16C6006E9B6D /* JSQMessagesBubblesSizeCalculator.h in Headers */ = {isa = PBXBuildFile; fileRef = 7778732D1D9C16C6006E9B6D /* JSQMessagesBubblesSizeCalculator.h */; };
		7778738C1D9C16C6006E9B6D /* JSQMessagesBubblesSizeCalculator.m in Sources */ = {isa = PBXBuildFile; fileRef = 7778732E1D9C16C6006E9B6D /* JSQMessagesBubblesSizeCalculator.m */; };
		7778738D1D9C16C6006E9B6D /* JSQMessagesCollectionViewFlowLayout.h in Headers */ = {isa = PBXBuildFile; fileRef = 7778732F1D9C16C6006E9B6D /* JSQMessagesCollectionViewFlowLayout.h */; };
		7778738E1D9C16C6006E9B6D /* JSQMessagesCollectionViewFlowLayout.m in Sources */ = {isa = PBXBuildFile; fileRef = 777873301D9C16C6006E9B6D /* JSQMessagesCollectionViewFlowLayout.m */; };
		7778738F1D9C16C6006E9B6D /* JSQMessagesCollectionViewFlowLayoutInvalidationContext.h in Headers */ = {isa = PBXBuildFile; fileRef = 777873311D9C16C6006E9B6D /* JSQMessagesCollectionViewFlowLayoutInvalidationContext.h */; };
		777873901D9C16C6006E9B6D /* JSQMessagesCollectionViewFlowLayoutInvalidationContext.m in Sources */ = {isa = PBXBuildFile; fileRef = 777873321D9C16C6006E9B6D /* JSQMessagesCollectionViewFlowLayoutInvalidationContext.m */; };
		777873911D9C16C6006E9B6D /* JSQMessagesCollectionViewLayoutAttributes.h in Headers */ = {isa = PBXBuildFile; fileRef = 777873331D9C16C6006E9B6D /* JSQMessagesCollectionViewLayoutAttributes.h */; };
		777873921D9C16C6006E9B6D /* JSQMessagesCollectionViewLayoutAttributes.m in Sources */ = {isa = PBXBuildFile; fileRef = 777873341D9C16C6006E9B6D /* JSQMessagesCollectionViewLayoutAttributes.m */; };
		777873931D9C16C6006E9B6D /* JSQAudioMediaItem.h in Headers */ = {isa = PBXBuildFile; fileRef = 777873361D9C16C6006E9B6D /* JSQAudioMediaItem.h */; };
		777873941D9C16C6006E9B6D /* JSQAudioMediaItem.m in Sources */ = {isa = PBXBuildFile; fileRef = 777873371D9C16C6006E9B6D /* JSQAudioMediaItem.m */; };
		777873951D9C16C6006E9B6D /* JSQLocationMediaItem.h in Headers */ = {isa = PBXBuildFile; fileRef = 777873381D9C16C6006E9B6D /* JSQLocationMediaItem.h */; };
		777873961D9C16C6006E9B6D /* JSQLocationMediaItem.m in Sources */ = {isa = PBXBuildFile; fileRef = 777873391D9C16C6006E9B6D /* JSQLocationMediaItem.m */; };
		777873971D9C16C6006E9B6D /* JSQMediaItem.h in Headers */ = {isa = PBXBuildFile; fileRef = 7778733A1D9C16C6006E9B6D /* JSQMediaItem.h */; };
		777873981D9C16C6006E9B6D /* JSQMediaItem.m in Sources */ = {isa = PBXBuildFile; fileRef = 7778733B1D9C16C6006E9B6D /* JSQMediaItem.m */; };
		777873991D9C16C6006E9B6D /* JSQMessage.h in Headers */ = {isa = PBXBuildFile; fileRef = 7778733C1D9C16C6006E9B6D /* JSQMessage.h */; };
		7778739A1D9C16C6006E9B6D /* JSQMessage.m in Sources */ = {isa = PBXBuildFile; fileRef = 7778733D1D9C16C6006E9B6D /* JSQMessage.m */; };
		7778739B1D9C16C6006E9B6D /* JSQMessageAvatarImageDataSource.h in Headers */ = {isa = PBXBuildFile; fileRef = 7778733E1D9C16C6006E9B6D /* JSQMessageAvatarImageDataSource.h */; };
		7778739C1D9C16C6006E9B6D /* JSQMessageBubbleImageDataSource.h in Headers */ = {isa = PBXBuildFile; fileRef = 7778733F1D9C16C6006E9B6D /* JSQMessageBubbleImageDataSource.h */; };
		7778739D1D9C16C6006E9B6D /* JSQMessageData.h in Headers */ = {isa = PBXBuildFile; fileRef = 777873401D9C16C6006E9B6D /* JSQMessageData.h */; };
		7778739E1D9C16C6006E9B6D /* JSQMessageMediaData.h in Headers */ = {isa = PBXBuildFile; fileRef = 777873411D9C16C6006E9B6D /* JSQMessageMediaData.h */; };
		7778739F1D9C16C6006E9B6D /* JSQMessagesAvatarImage.h in Headers */ = {isa = PBXBuildFile; fileRef = 777873421D9C16C6006E9B6D /* JSQMessagesAvatarImage.h */; };
		777873A01D9C16C6006E9B6D /* JSQMessagesAvatarImage.m in Sources */ = {isa = PBXBuildFile; fileRef = 777873431D9C16C6006E9B6D /* JSQMessagesAvatarImage.m */; };
		777873A11D9C16C6006E9B6D /* JSQMessagesBubbleImage.h in Headers */ = {isa = PBXBuildFile; fileRef = 777873441D9C16C6006E9B6D /* JSQMessagesBubbleImage.h */; };
		777873A21D9C16C6006E9B6D /* JSQMessagesBubbleImage.m in Sources */ = {isa = PBXBuildFile; fileRef = 777873451D9C16C6006E9B6D /* JSQMessagesBubbleImage.m */; };
		777873A31D9C16C6006E9B6D /* JSQMessagesCollectionViewDataSource.h in Headers */ = {isa = PBXBuildFile; fileRef = 777873461D9C16C6006E9B6D /* JSQMessagesCollectionViewDataSource.h */; };
		777873A41D9C16C6006E9B6D /* JSQMessagesCollectionViewDelegateFlowLayout.h in Headers */ = {isa = PBXBuildFile; fileRef = 777873471D9C16C6006E9B6D /* JSQMessagesCollectionViewDelegateFlowLayout.h */; };
		777873A51D9C16C6006E9B6D /* JSQPhotoMediaItem.h in Headers */ = {isa = PBXBuildFile; fileRef = 777873481D9C16C6006E9B6D /* JSQPhotoMediaItem.h */; };
		777873A61D9C16C6006E9B6D /* JSQPhotoMediaItem.m in Sources */ = {isa = PBXBuildFile; fileRef = 777873491D9C16C6006E9B6D /* JSQPhotoMediaItem.m */; };
		777873A71D9C16C6006E9B6D /* JSQVideoMediaItem.h in Headers */ = {isa = PBXBuildFile; fileRef = 7778734A1D9C16C6006E9B6D /* JSQVideoMediaItem.h */; };
		777873A81D9C16C6006E9B6D /* JSQVideoMediaItem.m in Sources */ = {isa = PBXBuildFile; fileRef = 7778734B1D9C16C6006E9B6D /* JSQVideoMediaItem.m */; };
		777873A91D9C16C6006E9B6D /* JSQMessagesViewAccessoryButtonDelegate.h in Headers */ = {isa = PBXBuildFile; fileRef = 7778734C1D9C16C6006E9B6D /* JSQMessagesViewAccessoryButtonDelegate.h */; };
		777873AA1D9C16C6006E9B6D /* JSQMessagesCellTextView.h in Headers */ = {isa = PBXBuildFile; fileRef = 7778734E1D9C16C6006E9B6D /* JSQMessagesCellTextView.h */; };
		777873AB1D9C16C6006E9B6D /* JSQMessagesCellTextView.m in Sources */ = {isa = PBXBuildFile; fileRef = 7778734F1D9C16C6006E9B6D /* JSQMessagesCellTextView.m */; };
		777873AC1D9C16C6006E9B6D /* JSQMessagesCollectionView.h in Headers */ = {isa = PBXBuildFile; fileRef = 777873501D9C16C6006E9B6D /* JSQMessagesCollectionView.h */; };
		777873AD1D9C16C6006E9B6D /* JSQMessagesCollectionView.m in Sources */ = {isa = PBXBuildFile; fileRef = 777873511D9C16C6006E9B6D /* JSQMessagesCollectionView.m */; };
		777873AE1D9C16C6006E9B6D /* JSQMessagesCollectionViewCell.h in Headers */ = {isa = PBXBuildFile; fileRef = 777873521D9C16C6006E9B6D /* JSQMessagesCollectionViewCell.h */; };
		777873AF1D9C16C6006E9B6D /* JSQMessagesCollectionViewCell.m in Sources */ = {isa = PBXBuildFile; fileRef = 777873531D9C16C6006E9B6D /* JSQMessagesCollectionViewCell.m */; };
		777873B01D9C16C6006E9B6D /* JSQMessagesCollectionViewCellIncoming.h in Headers */ = {isa = PBXBuildFile; fileRef = 777873541D9C16C6006E9B6D /* JSQMessagesCollectionViewCellIncoming.h */; };
		777873B11D9C16C6006E9B6D /* JSQMessagesCollectionViewCellIncoming.m in Sources */ = {isa = PBXBuildFile; fileRef = 777873551D9C16C6006E9B6D /* JSQMessagesCollectionViewCellIncoming.m */; };
		777873B21D9C16C6006E9B6D /* JSQMessagesCollectionViewCellIncoming.xib in Resources */ = {isa = PBXBuildFile; fileRef = 777873561D9C16C6006E9B6D /* JSQMessagesCollectionViewCellIncoming.xib */; };
		777873B31D9C16C6006E9B6D /* JSQMessagesCollectionViewCellOutgoing.h in Headers */ = {isa = PBXBuildFile; fileRef = 777873571D9C16C6006E9B6D /* JSQMessagesCollectionViewCellOutgoing.h */; };
		777873B41D9C16C6006E9B6D /* JSQMessagesCollectionViewCellOutgoing.m in Sources */ = {isa = PBXBuildFile; fileRef = 777873581D9C16C6006E9B6D /* JSQMessagesCollectionViewCellOutgoing.m */; };
		777873B51D9C16C6006E9B6D /* JSQMessagesCollectionViewCellOutgoing.xib in Resources */ = {isa = PBXBuildFile; fileRef = 777873591D9C16C6006E9B6D /* JSQMessagesCollectionViewCellOutgoing.xib */; };
		777873B61D9C16C6006E9B6D /* JSQMessagesComposerTextView.h in Headers */ = {isa = PBXBuildFile; fileRef = 7778735A1D9C16C6006E9B6D /* JSQMessagesComposerTextView.h */; };
		777873B71D9C16C6006E9B6D /* JSQMessagesComposerTextView.m in Sources */ = {isa = PBXBuildFile; fileRef = 7778735B1D9C16C6006E9B6D /* JSQMessagesComposerTextView.m */; };
		777873B81D9C16C6006E9B6D /* JSQMessagesInputToolbar.h in Headers */ = {isa = PBXBuildFile; fileRef = 7778735C1D9C16C6006E9B6D /* JSQMessagesInputToolbar.h */; };
		777873B91D9C16C6006E9B6D /* JSQMessagesInputToolbar.m in Sources */ = {isa = PBXBuildFile; fileRef = 7778735D1D9C16C6006E9B6D /* JSQMessagesInputToolbar.m */; };
		777873BA1D9C16C6006E9B6D /* JSQMessagesLabel.h in Headers */ = {isa = PBXBuildFile; fileRef = 7778735E1D9C16C6006E9B6D /* JSQMessagesLabel.h */; };
		777873BB1D9C16C6006E9B6D /* JSQMessagesLabel.m in Sources */ = {isa = PBXBuildFile; fileRef = 7778735F1D9C16C6006E9B6D /* JSQMessagesLabel.m */; };
		777873BC1D9C16C6006E9B6D /* JSQMessagesLoadEarlierHeaderView.h in Headers */ = {isa = PBXBuildFile; fileRef = 777873601D9C16C6006E9B6D /* JSQMessagesLoadEarlierHeaderView.h */; };
		777873BD1D9C16C6006E9B6D /* JSQMessagesLoadEarlierHeaderView.m in Sources */ = {isa = PBXBuildFile; fileRef = 777873611D9C16C6006E9B6D /* JSQMessagesLoadEarlierHeaderView.m */; };
		777873BE1D9C16C6006E9B6D /* JSQMessagesLoadEarlierHeaderView.xib in Resources */ = {isa = PBXBuildFile; fileRef = 777873621D9C16C6006E9B6D /* JSQMessagesLoadEarlierHeaderView.xib */; };
		777873BF1D9C16C6006E9B6D /* JSQMessagesMediaPlaceholderView.h in Headers */ = {isa = PBXBuildFile; fileRef = 777873631D9C16C6006E9B6D /* JSQMessagesMediaPlaceholderView.h */; };
		777873C01D9C16C6006E9B6D /* JSQMessagesMediaPlaceholderView.m in Sources */ = {isa = PBXBuildFile; fileRef = 777873641D9C16C6006E9B6D /* JSQMessagesMediaPlaceholderView.m */; };
		777873C11D9C16C6006E9B6D /* JSQMessagesToolbarContentView.h in Headers */ = {isa = PBXBuildFile; fileRef = 777873651D9C16C6006E9B6D /* JSQMessagesToolbarContentView.h */; };
		777873C21D9C16C6006E9B6D /* JSQMessagesToolbarContentView.m in Sources */ = {isa = PBXBuildFile; fileRef = 777873661D9C16C6006E9B6D /* JSQMessagesToolbarContentView.m */; };
		777873C31D9C16C6006E9B6D /* JSQMessagesToolbarContentView.xib in Resources */ = {isa = PBXBuildFile; fileRef = 777873671D9C16C6006E9B6D /* JSQMessagesToolbarContentView.xib */; };
		777873C41D9C16C6006E9B6D /* JSQMessagesTypingIndicatorFooterView.h in Headers */ = {isa = PBXBuildFile; fileRef = 777873681D9C16C6006E9B6D /* JSQMessagesTypingIndicatorFooterView.h */; };
		777873C51D9C16C6006E9B6D /* JSQMessagesTypingIndicatorFooterView.m in Sources */ = {isa = PBXBuildFile; fileRef = 777873691D9C16C6006E9B6D /* JSQMessagesTypingIndicatorFooterView.m */; };
		777873C61D9C16C6006E9B6D /* JSQMessagesTypingIndicatorFooterView.xib in Resources */ = {isa = PBXBuildFile; fileRef = 7778736A1D9C16C6006E9B6D /* JSQMessagesTypingIndicatorFooterView.xib */; };
		777873C71D9C16C6006E9B6D /* JSQMessagesTypingView.h in Headers */ = {isa = PBXBuildFile; fileRef = 7778736B1D9C16C6006E9B6D /* JSQMessagesTypingView.h */; };
		777873C81D9C16C6006E9B6D /* JSQMessagesTypingView.m in Sources */ = {isa = PBXBuildFile; fileRef = 7778736C1D9C16C6006E9B6D /* JSQMessagesTypingView.m */; };
/* End PBXBuildFile section */

/* Begin PBXFileReference section */
		777873021D9C16A0006E9B6D /* JSQMessagesViewController.framework */ = {isa = PBXFileReference; explicitFileType = wrapper.framework; includeInIndex = 0; path = JSQMessagesViewController.framework; sourceTree = BUILT_PRODUCTS_DIR; };
		777873051D9C16A0006E9B6D /* JSQMessagesFramework.h */ = {isa = PBXFileReference; lastKnownFileType = sourcecode.c.h; path = JSQMessagesFramework.h; sourceTree = "<group>"; };
		777873061D9C16A0006E9B6D /* Info.plist */ = {isa = PBXFileReference; lastKnownFileType = text.plist.xml; path = Info.plist; sourceTree = "<group>"; };
		7778730D1D9C16C6006E9B6D /* JSQMessagesAssets.bundle */ = {isa = PBXFileReference; lastKnownFileType = "wrapper.plug-in"; path = JSQMessagesAssets.bundle; sourceTree = "<group>"; };
		7778730F1D9C16C6006E9B6D /* NSBundle+JSQMessages.h */ = {isa = PBXFileReference; fileEncoding = 4; lastKnownFileType = sourcecode.c.h; path = "NSBundle+JSQMessages.h"; sourceTree = "<group>"; };
		777873101D9C16C6006E9B6D /* NSBundle+JSQMessages.m */ = {isa = PBXFileReference; fileEncoding = 4; lastKnownFileType = sourcecode.c.objc; path = "NSBundle+JSQMessages.m"; sourceTree = "<group>"; };
		777873111D9C16C6006E9B6D /* NSString+JSQMessages.h */ = {isa = PBXFileReference; fileEncoding = 4; lastKnownFileType = sourcecode.c.h; path = "NSString+JSQMessages.h"; sourceTree = "<group>"; };
		777873121D9C16C6006E9B6D /* NSString+JSQMessages.m */ = {isa = PBXFileReference; fileEncoding = 4; lastKnownFileType = sourcecode.c.objc; path = "NSString+JSQMessages.m"; sourceTree = "<group>"; };
		777873131D9C16C6006E9B6D /* UIColor+JSQMessages.h */ = {isa = PBXFileReference; fileEncoding = 4; lastKnownFileType = sourcecode.c.h; path = "UIColor+JSQMessages.h"; sourceTree = "<group>"; };
		777873141D9C16C6006E9B6D /* UIColor+JSQMessages.m */ = {isa = PBXFileReference; fileEncoding = 4; lastKnownFileType = sourcecode.c.objc; path = "UIColor+JSQMessages.m"; sourceTree = "<group>"; };
		777873151D9C16C6006E9B6D /* UIImage+JSQMessages.h */ = {isa = PBXFileReference; fileEncoding = 4; lastKnownFileType = sourcecode.c.h; path = "UIImage+JSQMessages.h"; sourceTree = "<group>"; };
		777873161D9C16C6006E9B6D /* UIImage+JSQMessages.m */ = {isa = PBXFileReference; fileEncoding = 4; lastKnownFileType = sourcecode.c.objc; path = "UIImage+JSQMessages.m"; sourceTree = "<group>"; };
		777873171D9C16C6006E9B6D /* UIView+JSQMessages.h */ = {isa = PBXFileReference; fileEncoding = 4; lastKnownFileType = sourcecode.c.h; path = "UIView+JSQMessages.h"; sourceTree = "<group>"; };
		777873181D9C16C6006E9B6D /* UIView+JSQMessages.m */ = {isa = PBXFileReference; fileEncoding = 4; lastKnownFileType = sourcecode.c.objc; path = "UIView+JSQMessages.m"; sourceTree = "<group>"; };
		7778731A1D9C16C6006E9B6D /* JSQMessagesViewController.h */ = {isa = PBXFileReference; fileEncoding = 4; lastKnownFileType = sourcecode.c.h; path = JSQMessagesViewController.h; sourceTree = "<group>"; };
		7778731B1D9C16C6006E9B6D /* JSQMessagesViewController.m */ = {isa = PBXFileReference; fileEncoding = 4; lastKnownFileType = sourcecode.c.objc; path = JSQMessagesViewController.m; sourceTree = "<group>"; };
		7778731C1D9C16C6006E9B6D /* JSQMessagesViewController.xib */ = {isa = PBXFileReference; fileEncoding = 4; lastKnownFileType = file.xib; path = JSQMessagesViewController.xib; sourceTree = "<group>"; };
		7778731E1D9C16C6006E9B6D /* JSQMessagesAvatarImageFactory.h */ = {isa = PBXFileReference; fileEncoding = 4; lastKnownFileType = sourcecode.c.h; path = JSQMessagesAvatarImageFactory.h; sourceTree = "<group>"; };
		7778731F1D9C16C6006E9B6D /* JSQMessagesAvatarImageFactory.m */ = {isa = PBXFileReference; fileEncoding = 4; lastKnownFileType = sourcecode.c.objc; path = JSQMessagesAvatarImageFactory.m; sourceTree = "<group>"; };
		777873201D9C16C6006E9B6D /* JSQMessagesBubbleImageFactory.h */ = {isa = PBXFileReference; fileEncoding = 4; lastKnownFileType = sourcecode.c.h; path = JSQMessagesBubbleImageFactory.h; sourceTree = "<group>"; };
		777873211D9C16C6006E9B6D /* JSQMessagesBubbleImageFactory.m */ = {isa = PBXFileReference; fileEncoding = 4; lastKnownFileType = sourcecode.c.objc; path = JSQMessagesBubbleImageFactory.m; sourceTree = "<group>"; };
		777873221D9C16C6006E9B6D /* JSQMessagesMediaViewBubbleImageMasker.h */ = {isa = PBXFileReference; fileEncoding = 4; lastKnownFileType = sourcecode.c.h; path = JSQMessagesMediaViewBubbleImageMasker.h; sourceTree = "<group>"; };
		777873231D9C16C6006E9B6D /* JSQMessagesMediaViewBubbleImageMasker.m */ = {isa = PBXFileReference; fileEncoding = 4; lastKnownFileType = sourcecode.c.objc; path = JSQMessagesMediaViewBubbleImageMasker.m; sourceTree = "<group>"; };
		777873241D9C16C6006E9B6D /* JSQMessagesTimestampFormatter.h */ = {isa = PBXFileReference; fileEncoding = 4; lastKnownFileType = sourcecode.c.h; path = JSQMessagesTimestampFormatter.h; sourceTree = "<group>"; };
		777873251D9C16C6006E9B6D /* JSQMessagesTimestampFormatter.m */ = {isa = PBXFileReference; fileEncoding = 4; lastKnownFileType = sourcecode.c.objc; path = JSQMessagesTimestampFormatter.m; sourceTree = "<group>"; };
		777873261D9C16C6006E9B6D /* JSQMessagesToolbarButtonFactory.h */ = {isa = PBXFileReference; fileEncoding = 4; lastKnownFileType = sourcecode.c.h; path = JSQMessagesToolbarButtonFactory.h; sourceTree = "<group>"; };
		777873271D9C16C6006E9B6D /* JSQMessagesToolbarButtonFactory.m */ = {isa = PBXFileReference; fileEncoding = 4; lastKnownFileType = sourcecode.c.objc; path = JSQMessagesToolbarButtonFactory.m; sourceTree = "<group>"; };
		777873291D9C16C6006E9B6D /* JSQMessages.h */ = {isa = PBXFileReference; fileEncoding = 4; lastKnownFileType = sourcecode.c.h; path = JSQMessages.h; sourceTree = "<group>"; };
		7778732A1D9C16C6006E9B6D /* JSQAudioMediaViewAttributes.h */ = {isa = PBXFileReference; fileEncoding = 4; lastKnownFileType = sourcecode.c.h; path = JSQAudioMediaViewAttributes.h; sourceTree = "<group>"; };
		7778732B1D9C16C6006E9B6D /* JSQAudioMediaViewAttributes.m */ = {isa = PBXFileReference; fileEncoding = 4; lastKnownFileType = sourcecode.c.objc; path = JSQAudioMediaViewAttributes.m; sourceTree = "<group>"; };
		7778732C1D9C16C6006E9B6D /* JSQMessagesBubbleSizeCalculating.h */ = {isa = PBXFileReference; fileEncoding = 4; lastKnownFileType = sourcecode.c.h; path = JSQMessagesBubbleSizeCalculating.h; sourceTree = "<group>"; };
		7778732D1D9C16C6006E9B6D /* JSQMessagesBubblesSizeCalculator.h */ = {isa = PBXFileReference; fileEncoding = 4; lastKnownFileType = sourcecode.c.h; path = JSQMessagesBubblesSizeCalculator.h; sourceTree = "<group>"; };
		7778732E1D9C16C6006E9B6D /* JSQMessagesBubblesSizeCalculator.m */ = {isa = PBXFileReference; fileEncoding = 4; lastKnownFileType = sourcecode.c.objc; path = JSQMessagesBubblesSizeCalculator.m; sourceTree = "<group>"; };
		7778732F1D9C16C6006E9B6D /* JSQMessagesCollectionViewFlowLayout.h */ = {isa = PBXFileReference; fileEncoding = 4; lastKnownFileType = sourcecode.c.h; path = JSQMessagesCollectionViewFlowLayout.h; sourceTree = "<group>"; };
		777873301D9C16C6006E9B6D /* JSQMessagesCollectionViewFlowLayout.m */ = {isa = PBXFileReference; fileEncoding = 4; lastKnownFileType = sourcecode.c.objc; path = JSQMessagesCollectionViewFlowLayout.m; sourceTree = "<group>"; };
		777873311D9C16C6006E9B6D /* JSQMessagesCollectionViewFlowLayoutInvalidationContext.h */ = {isa = PBXFileReference; fileEncoding = 4; lastKnownFileType = sourcecode.c.h; path = JSQMessagesCollectionViewFlowLayoutInvalidationContext.h; sourceTree = "<group>"; };
		777873321D9C16C6006E9B6D /* JSQMessagesCollectionViewFlowLayoutInvalidationContext.m */ = {isa = PBXFileReference; fileEncoding = 4; lastKnownFileType = sourcecode.c.objc; path = JSQMessagesCollectionViewFlowLayoutInvalidationContext.m; sourceTree = "<group>"; };
		777873331D9C16C6006E9B6D /* JSQMessagesCollectionViewLayoutAttributes.h */ = {isa = PBXFileReference; fileEncoding = 4; lastKnownFileType = sourcecode.c.h; path = JSQMessagesCollectionViewLayoutAttributes.h; sourceTree = "<group>"; };
		777873341D9C16C6006E9B6D /* JSQMessagesCollectionViewLayoutAttributes.m */ = {isa = PBXFileReference; fileEncoding = 4; lastKnownFileType = sourcecode.c.objc; path = JSQMessagesCollectionViewLayoutAttributes.m; sourceTree = "<group>"; };
		777873361D9C16C6006E9B6D /* JSQAudioMediaItem.h */ = {isa = PBXFileReference; fileEncoding = 4; lastKnownFileType = sourcecode.c.h; path = JSQAudioMediaItem.h; sourceTree = "<group>"; };
		777873371D9C16C6006E9B6D /* JSQAudioMediaItem.m */ = {isa = PBXFileReference; fileEncoding = 4; lastKnownFileType = sourcecode.c.objc; path = JSQAudioMediaItem.m; sourceTree = "<group>"; };
		777873381D9C16C6006E9B6D /* JSQLocationMediaItem.h */ = {isa = PBXFileReference; fileEncoding = 4; lastKnownFileType = sourcecode.c.h; path = JSQLocationMediaItem.h; sourceTree = "<group>"; };
		777873391D9C16C6006E9B6D /* JSQLocationMediaItem.m */ = {isa = PBXFileReference; fileEncoding = 4; lastKnownFileType = sourcecode.c.objc; path = JSQLocationMediaItem.m; sourceTree = "<group>"; };
		7778733A1D9C16C6006E9B6D /* JSQMediaItem.h */ = {isa = PBXFileReference; fileEncoding = 4; lastKnownFileType = sourcecode.c.h; path = JSQMediaItem.h; sourceTree = "<group>"; };
		7778733B1D9C16C6006E9B6D /* JSQMediaItem.m */ = {isa = PBXFileReference; fileEncoding = 4; lastKnownFileType = sourcecode.c.objc; path = JSQMediaItem.m; sourceTree = "<group>"; };
		7778733C1D9C16C6006E9B6D /* JSQMessage.h */ = {isa = PBXFileReference; fileEncoding = 4; lastKnownFileType = sourcecode.c.h; path = JSQMessage.h; sourceTree = "<group>"; };
		7778733D1D9C16C6006E9B6D /* JSQMessage.m */ = {isa = PBXFileReference; fileEncoding = 4; lastKnownFileType = sourcecode.c.objc; path = JSQMessage.m; sourceTree = "<group>"; };
		7778733E1D9C16C6006E9B6D /* JSQMessageAvatarImageDataSource.h */ = {isa = PBXFileReference; fileEncoding = 4; lastKnownFileType = sourcecode.c.h; path = JSQMessageAvatarImageDataSource.h; sourceTree = "<group>"; };
		7778733F1D9C16C6006E9B6D /* JSQMessageBubbleImageDataSource.h */ = {isa = PBXFileReference; fileEncoding = 4; lastKnownFileType = sourcecode.c.h; path = JSQMessageBubbleImageDataSource.h; sourceTree = "<group>"; };
		777873401D9C16C6006E9B6D /* JSQMessageData.h */ = {isa = PBXFileReference; fileEncoding = 4; lastKnownFileType = sourcecode.c.h; path = JSQMessageData.h; sourceTree = "<group>"; };
		777873411D9C16C6006E9B6D /* JSQMessageMediaData.h */ = {isa = PBXFileReference; fileEncoding = 4; lastKnownFileType = sourcecode.c.h; path = JSQMessageMediaData.h; sourceTree = "<group>"; };
		777873421D9C16C6006E9B6D /* JSQMessagesAvatarImage.h */ = {isa = PBXFileReference; fileEncoding = 4; lastKnownFileType = sourcecode.c.h; path = JSQMessagesAvatarImage.h; sourceTree = "<group>"; };
		777873431D9C16C6006E9B6D /* JSQMessagesAvatarImage.m */ = {isa = PBXFileReference; fileEncoding = 4; lastKnownFileType = sourcecode.c.objc; path = JSQMessagesAvatarImage.m; sourceTree = "<group>"; };
		777873441D9C16C6006E9B6D /* JSQMessagesBubbleImage.h */ = {isa = PBXFileReference; fileEncoding = 4; lastKnownFileType = sourcecode.c.h; path = JSQMessagesBubbleImage.h; sourceTree = "<group>"; };
		777873451D9C16C6006E9B6D /* JSQMessagesBubbleImage.m */ = {isa = PBXFileReference; fileEncoding = 4; lastKnownFileType = sourcecode.c.objc; path = JSQMessagesBubbleImage.m; sourceTree = "<group>"; };
		777873461D9C16C6006E9B6D /* JSQMessagesCollectionViewDataSource.h */ = {isa = PBXFileReference; fileEncoding = 4; lastKnownFileType = sourcecode.c.h; path = JSQMessagesCollectionViewDataSource.h; sourceTree = "<group>"; };
		777873471D9C16C6006E9B6D /* JSQMessagesCollectionViewDelegateFlowLayout.h */ = {isa = PBXFileReference; fileEncoding = 4; lastKnownFileType = sourcecode.c.h; path = JSQMessagesCollectionViewDelegateFlowLayout.h; sourceTree = "<group>"; };
		777873481D9C16C6006E9B6D /* JSQPhotoMediaItem.h */ = {isa = PBXFileReference; fileEncoding = 4; lastKnownFileType = sourcecode.c.h; path = JSQPhotoMediaItem.h; sourceTree = "<group>"; };
		777873491D9C16C6006E9B6D /* JSQPhotoMediaItem.m */ = {isa = PBXFileReference; fileEncoding = 4; lastKnownFileType = sourcecode.c.objc; path = JSQPhotoMediaItem.m; sourceTree = "<group>"; };
		7778734A1D9C16C6006E9B6D /* JSQVideoMediaItem.h */ = {isa = PBXFileReference; fileEncoding = 4; lastKnownFileType = sourcecode.c.h; path = JSQVideoMediaItem.h; sourceTree = "<group>"; };
		7778734B1D9C16C6006E9B6D /* JSQVideoMediaItem.m */ = {isa = PBXFileReference; fileEncoding = 4; lastKnownFileType = sourcecode.c.objc; path = JSQVideoMediaItem.m; sourceTree = "<group>"; };
		7778734C1D9C16C6006E9B6D /* JSQMessagesViewAccessoryButtonDelegate.h */ = {isa = PBXFileReference; fileEncoding = 4; lastKnownFileType = sourcecode.c.h; path = JSQMessagesViewAccessoryButtonDelegate.h; sourceTree = "<group>"; };
		7778734E1D9C16C6006E9B6D /* JSQMessagesCellTextView.h */ = {isa = PBXFileReference; fileEncoding = 4; lastKnownFileType = sourcecode.c.h; path = JSQMessagesCellTextView.h; sourceTree = "<group>"; };
		7778734F1D9C16C6006E9B6D /* JSQMessagesCellTextView.m */ = {isa = PBXFileReference; fileEncoding = 4; lastKnownFileType = sourcecode.c.objc; path = JSQMessagesCellTextView.m; sourceTree = "<group>"; };
		777873501D9C16C6006E9B6D /* JSQMessagesCollectionView.h */ = {isa = PBXFileReference; fileEncoding = 4; lastKnownFileType = sourcecode.c.h; path = JSQMessagesCollectionView.h; sourceTree = "<group>"; };
		777873511D9C16C6006E9B6D /* JSQMessagesCollectionView.m */ = {isa = PBXFileReference; fileEncoding = 4; lastKnownFileType = sourcecode.c.objc; path = JSQMessagesCollectionView.m; sourceTree = "<group>"; };
		777873521D9C16C6006E9B6D /* JSQMessagesCollectionViewCell.h */ = {isa = PBXFileReference; fileEncoding = 4; lastKnownFileType = sourcecode.c.h; path = JSQMessagesCollectionViewCell.h; sourceTree = "<group>"; };
		777873531D9C16C6006E9B6D /* JSQMessagesCollectionViewCell.m */ = {isa = PBXFileReference; fileEncoding = 4; lastKnownFileType = sourcecode.c.objc; path = JSQMessagesCollectionViewCell.m; sourceTree = "<group>"; };
		777873541D9C16C6006E9B6D /* JSQMessagesCollectionViewCellIncoming.h */ = {isa = PBXFileReference; fileEncoding = 4; lastKnownFileType = sourcecode.c.h; path = JSQMessagesCollectionViewCellIncoming.h; sourceTree = "<group>"; };
		777873551D9C16C6006E9B6D /* JSQMessagesCollectionViewCellIncoming.m */ = {isa = PBXFileReference; fileEncoding = 4; lastKnownFileType = sourcecode.c.objc; path = JSQMessagesCollectionViewCellIncoming.m; sourceTree = "<group>"; };
		777873561D9C16C6006E9B6D /* JSQMessagesCollectionViewCellIncoming.xib */ = {isa = PBXFileReference; fileEncoding = 4; lastKnownFileType = file.xib; path = JSQMessagesCollectionViewCellIncoming.xib; sourceTree = "<group>"; };
		777873571D9C16C6006E9B6D /* JSQMessagesCollectionViewCellOutgoing.h */ = {isa = PBXFileReference; fileEncoding = 4; lastKnownFileType = sourcecode.c.h; path = JSQMessagesCollectionViewCellOutgoing.h; sourceTree = "<group>"; };
		777873581D9C16C6006E9B6D /* JSQMessagesCollectionViewCellOutgoing.m */ = {isa = PBXFileReference; fileEncoding = 4; lastKnownFileType = sourcecode.c.objc; path = JSQMessagesCollectionViewCellOutgoing.m; sourceTree = "<group>"; };
		777873591D9C16C6006E9B6D /* JSQMessagesCollectionViewCellOutgoing.xib */ = {isa = PBXFileReference; fileEncoding = 4; lastKnownFileType = file.xib; path = JSQMessagesCollectionViewCellOutgoing.xib; sourceTree = "<group>"; };
		7778735A1D9C16C6006E9B6D /* JSQMessagesComposerTextView.h */ = {isa = PBXFileReference; fileEncoding = 4; lastKnownFileType = sourcecode.c.h; path = JSQMessagesComposerTextView.h; sourceTree = "<group>"; };
		7778735B1D9C16C6006E9B6D /* JSQMessagesComposerTextView.m */ = {isa = PBXFileReference; fileEncoding = 4; lastKnownFileType = sourcecode.c.objc; path = JSQMessagesComposerTextView.m; sourceTree = "<group>"; };
		7778735C1D9C16C6006E9B6D /* JSQMessagesInputToolbar.h */ = {isa = PBXFileReference; fileEncoding = 4; lastKnownFileType = sourcecode.c.h; path = JSQMessagesInputToolbar.h; sourceTree = "<group>"; };
		7778735D1D9C16C6006E9B6D /* JSQMessagesInputToolbar.m */ = {isa = PBXFileReference; fileEncoding = 4; lastKnownFileType = sourcecode.c.objc; path = JSQMessagesInputToolbar.m; sourceTree = "<group>"; };
		7778735E1D9C16C6006E9B6D /* JSQMessagesLabel.h */ = {isa = PBXFileReference; fileEncoding = 4; lastKnownFileType = sourcecode.c.h; path = JSQMessagesLabel.h; sourceTree = "<group>"; };
		7778735F1D9C16C6006E9B6D /* JSQMessagesLabel.m */ = {isa = PBXFileReference; fileEncoding = 4; lastKnownFileType = sourcecode.c.objc; path = JSQMessagesLabel.m; sourceTree = "<group>"; };
		777873601D9C16C6006E9B6D /* JSQMessagesLoadEarlierHeaderView.h */ = {isa = PBXFileReference; fileEncoding = 4; lastKnownFileType = sourcecode.c.h; path = JSQMessagesLoadEarlierHeaderView.h; sourceTree = "<group>"; };
		777873611D9C16C6006E9B6D /* JSQMessagesLoadEarlierHeaderView.m */ = {isa = PBXFileReference; fileEncoding = 4; lastKnownFileType = sourcecode.c.objc; path = JSQMessagesLoadEarlierHeaderView.m; sourceTree = "<group>"; };
		777873621D9C16C6006E9B6D /* JSQMessagesLoadEarlierHeaderView.xib */ = {isa = PBXFileReference; fileEncoding = 4; lastKnownFileType = file.xib; path = JSQMessagesLoadEarlierHeaderView.xib; sourceTree = "<group>"; };
		777873631D9C16C6006E9B6D /* JSQMessagesMediaPlaceholderView.h */ = {isa = PBXFileReference; fileEncoding = 4; lastKnownFileType = sourcecode.c.h; path = JSQMessagesMediaPlaceholderView.h; sourceTree = "<group>"; };
		777873641D9C16C6006E9B6D /* JSQMessagesMediaPlaceholderView.m */ = {isa = PBXFileReference; fileEncoding = 4; lastKnownFileType = sourcecode.c.objc; path = JSQMessagesMediaPlaceholderView.m; sourceTree = "<group>"; };
		777873651D9C16C6006E9B6D /* JSQMessagesToolbarContentView.h */ = {isa = PBXFileReference; fileEncoding = 4; lastKnownFileType = sourcecode.c.h; path = JSQMessagesToolbarContentView.h; sourceTree = "<group>"; };
		777873661D9C16C6006E9B6D /* JSQMessagesToolbarContentView.m */ = {isa = PBXFileReference; fileEncoding = 4; lastKnownFileType = sourcecode.c.objc; path = JSQMessagesToolbarContentView.m; sourceTree = "<group>"; };
		777873671D9C16C6006E9B6D /* JSQMessagesToolbarContentView.xib */ = {isa = PBXFileReference; fileEncoding = 4; lastKnownFileType = file.xib; path = JSQMessagesToolbarContentView.xib; sourceTree = "<group>"; };
		777873681D9C16C6006E9B6D /* JSQMessagesTypingIndicatorFooterView.h */ = {isa = PBXFileReference; fileEncoding = 4; lastKnownFileType = sourcecode.c.h; path = JSQMessagesTypingIndicatorFooterView.h; sourceTree = "<group>"; };
		777873691D9C16C6006E9B6D /* JSQMessagesTypingIndicatorFooterView.m */ = {isa = PBXFileReference; fileEncoding = 4; lastKnownFileType = sourcecode.c.objc; path = JSQMessagesTypingIndicatorFooterView.m; sourceTree = "<group>"; };
		7778736A1D9C16C6006E9B6D /* JSQMessagesTypingIndicatorFooterView.xib */ = {isa = PBXFileReference; fileEncoding = 4; lastKnownFileType = file.xib; path = JSQMessagesTypingIndicatorFooterView.xib; sourceTree = "<group>"; };
		7778736B1D9C16C6006E9B6D /* JSQMessagesTypingView.h */ = {isa = PBXFileReference; fileEncoding = 4; lastKnownFileType = sourcecode.c.h; path = JSQMessagesTypingView.h; sourceTree = "<group>"; };
		7778736C1D9C16C6006E9B6D /* JSQMessagesTypingView.m */ = {isa = PBXFileReference; fileEncoding = 4; lastKnownFileType = sourcecode.c.objc; path = JSQMessagesTypingView.m; sourceTree = "<group>"; };
/* End PBXFileReference section */

/* Begin PBXFrameworksBuildPhase section */
		777872FE1D9C16A0006E9B6D /* Frameworks */ = {
			isa = PBXFrameworksBuildPhase;
			buildActionMask = 2147483647;
			files = (
			);
			runOnlyForDeploymentPostprocessing = 0;
		};
/* End PBXFrameworksBuildPhase section */

/* Begin PBXGroup section */
		777872F81D9C16A0006E9B6D = {
			isa = PBXGroup;
			children = (
				7778736E1D9C16C6006E9B6D /* JSQMessagesViewController */,
				777873041D9C16A0006E9B6D /* JSQMessagesFramework */,
				777873031D9C16A0006E9B6D /* Products */,
			);
			sourceTree = "<group>";
		};
		777873031D9C16A0006E9B6D /* Products */ = {
			isa = PBXGroup;
			children = (
				777873021D9C16A0006E9B6D /* JSQMessagesViewController.framework */,
			);
			name = Products;
			sourceTree = "<group>";
		};
		777873041D9C16A0006E9B6D /* JSQMessagesFramework */ = {
			isa = PBXGroup;
			children = (
				777873051D9C16A0006E9B6D /* JSQMessagesFramework.h */,
				777873061D9C16A0006E9B6D /* Info.plist */,
			);
			path = JSQMessagesFramework;
			sourceTree = "<group>";
		};
		7778730E1D9C16C6006E9B6D /* Assets */ = {
			isa = PBXGroup;
			children = (
				7778730D1D9C16C6006E9B6D /* JSQMessagesAssets.bundle */,
			);
			path = Assets;
			sourceTree = "<group>";
		};
		777873191D9C16C6006E9B6D /* Categories */ = {
			isa = PBXGroup;
			children = (
				7778730F1D9C16C6006E9B6D /* NSBundle+JSQMessages.h */,
				777873101D9C16C6006E9B6D /* NSBundle+JSQMessages.m */,
				777873111D9C16C6006E9B6D /* NSString+JSQMessages.h */,
				777873121D9C16C6006E9B6D /* NSString+JSQMessages.m */,
				777873131D9C16C6006E9B6D /* UIColor+JSQMessages.h */,
				777873141D9C16C6006E9B6D /* UIColor+JSQMessages.m */,
				777873151D9C16C6006E9B6D /* UIImage+JSQMessages.h */,
				777873161D9C16C6006E9B6D /* UIImage+JSQMessages.m */,
				777873171D9C16C6006E9B6D /* UIView+JSQMessages.h */,
				777873181D9C16C6006E9B6D /* UIView+JSQMessages.m */,
			);
			path = Categories;
			sourceTree = "<group>";
		};
		7778731D1D9C16C6006E9B6D /* Controllers */ = {
			isa = PBXGroup;
			children = (
				7778731A1D9C16C6006E9B6D /* JSQMessagesViewController.h */,
				7778731B1D9C16C6006E9B6D /* JSQMessagesViewController.m */,
				7778731C1D9C16C6006E9B6D /* JSQMessagesViewController.xib */,
			);
			path = Controllers;
			sourceTree = "<group>";
		};
		777873281D9C16C6006E9B6D /* Factories */ = {
			isa = PBXGroup;
			children = (
				7778731E1D9C16C6006E9B6D /* JSQMessagesAvatarImageFactory.h */,
				7778731F1D9C16C6006E9B6D /* JSQMessagesAvatarImageFactory.m */,
				777873201D9C16C6006E9B6D /* JSQMessagesBubbleImageFactory.h */,
				777873211D9C16C6006E9B6D /* JSQMessagesBubbleImageFactory.m */,
				777873221D9C16C6006E9B6D /* JSQMessagesMediaViewBubbleImageMasker.h */,
				777873231D9C16C6006E9B6D /* JSQMessagesMediaViewBubbleImageMasker.m */,
				777873241D9C16C6006E9B6D /* JSQMessagesTimestampFormatter.h */,
				777873251D9C16C6006E9B6D /* JSQMessagesTimestampFormatter.m */,
				777873261D9C16C6006E9B6D /* JSQMessagesToolbarButtonFactory.h */,
				777873271D9C16C6006E9B6D /* JSQMessagesToolbarButtonFactory.m */,
			);
			path = Factories;
			sourceTree = "<group>";
		};
		777873351D9C16C6006E9B6D /* Layout */ = {
			isa = PBXGroup;
			children = (
				7778732A1D9C16C6006E9B6D /* JSQAudioMediaViewAttributes.h */,
				7778732B1D9C16C6006E9B6D /* JSQAudioMediaViewAttributes.m */,
				7778732C1D9C16C6006E9B6D /* JSQMessagesBubbleSizeCalculating.h */,
				7778732D1D9C16C6006E9B6D /* JSQMessagesBubblesSizeCalculator.h */,
				7778732E1D9C16C6006E9B6D /* JSQMessagesBubblesSizeCalculator.m */,
				7778732F1D9C16C6006E9B6D /* JSQMessagesCollectionViewFlowLayout.h */,
				777873301D9C16C6006E9B6D /* JSQMessagesCollectionViewFlowLayout.m */,
				777873311D9C16C6006E9B6D /* JSQMessagesCollectionViewFlowLayoutInvalidationContext.h */,
				777873321D9C16C6006E9B6D /* JSQMessagesCollectionViewFlowLayoutInvalidationContext.m */,
				777873331D9C16C6006E9B6D /* JSQMessagesCollectionViewLayoutAttributes.h */,
				777873341D9C16C6006E9B6D /* JSQMessagesCollectionViewLayoutAttributes.m */,
			);
			path = Layout;
			sourceTree = "<group>";
		};
		7778734D1D9C16C6006E9B6D /* Model */ = {
			isa = PBXGroup;
			children = (
				777873361D9C16C6006E9B6D /* JSQAudioMediaItem.h */,
				777873371D9C16C6006E9B6D /* JSQAudioMediaItem.m */,
				777873381D9C16C6006E9B6D /* JSQLocationMediaItem.h */,
				777873391D9C16C6006E9B6D /* JSQLocationMediaItem.m */,
				7778733A1D9C16C6006E9B6D /* JSQMediaItem.h */,
				7778733B1D9C16C6006E9B6D /* JSQMediaItem.m */,
				7778733C1D9C16C6006E9B6D /* JSQMessage.h */,
				7778733D1D9C16C6006E9B6D /* JSQMessage.m */,
				7778733E1D9C16C6006E9B6D /* JSQMessageAvatarImageDataSource.h */,
				7778733F1D9C16C6006E9B6D /* JSQMessageBubbleImageDataSource.h */,
				777873401D9C16C6006E9B6D /* JSQMessageData.h */,
				777873411D9C16C6006E9B6D /* JSQMessageMediaData.h */,
				777873421D9C16C6006E9B6D /* JSQMessagesAvatarImage.h */,
				777873431D9C16C6006E9B6D /* JSQMessagesAvatarImage.m */,
				777873441D9C16C6006E9B6D /* JSQMessagesBubbleImage.h */,
				777873451D9C16C6006E9B6D /* JSQMessagesBubbleImage.m */,
				777873461D9C16C6006E9B6D /* JSQMessagesCollectionViewDataSource.h */,
				777873471D9C16C6006E9B6D /* JSQMessagesCollectionViewDelegateFlowLayout.h */,
				777873481D9C16C6006E9B6D /* JSQPhotoMediaItem.h */,
				777873491D9C16C6006E9B6D /* JSQPhotoMediaItem.m */,
				7778734A1D9C16C6006E9B6D /* JSQVideoMediaItem.h */,
				7778734B1D9C16C6006E9B6D /* JSQVideoMediaItem.m */,
				7778734C1D9C16C6006E9B6D /* JSQMessagesViewAccessoryButtonDelegate.h */,
			);
			path = Model;
			sourceTree = "<group>";
		};
		7778736D1D9C16C6006E9B6D /* Views */ = {
			isa = PBXGroup;
			children = (
				7778734E1D9C16C6006E9B6D /* JSQMessagesCellTextView.h */,
				7778734F1D9C16C6006E9B6D /* JSQMessagesCellTextView.m */,
				777873501D9C16C6006E9B6D /* JSQMessagesCollectionView.h */,
				777873511D9C16C6006E9B6D /* JSQMessagesCollectionView.m */,
				777873521D9C16C6006E9B6D /* JSQMessagesCollectionViewCell.h */,
				777873531D9C16C6006E9B6D /* JSQMessagesCollectionViewCell.m */,
				777873541D9C16C6006E9B6D /* JSQMessagesCollectionViewCellIncoming.h */,
				777873551D9C16C6006E9B6D /* JSQMessagesCollectionViewCellIncoming.m */,
				777873561D9C16C6006E9B6D /* JSQMessagesCollectionViewCellIncoming.xib */,
				777873571D9C16C6006E9B6D /* JSQMessagesCollectionViewCellOutgoing.h */,
				777873581D9C16C6006E9B6D /* JSQMessagesCollectionViewCellOutgoing.m */,
				777873591D9C16C6006E9B6D /* JSQMessagesCollectionViewCellOutgoing.xib */,
				7778735A1D9C16C6006E9B6D /* JSQMessagesComposerTextView.h */,
				7778735B1D9C16C6006E9B6D /* JSQMessagesComposerTextView.m */,
				7778735C1D9C16C6006E9B6D /* JSQMessagesInputToolbar.h */,
				7778735D1D9C16C6006E9B6D /* JSQMessagesInputToolbar.m */,
				7778735E1D9C16C6006E9B6D /* JSQMessagesLabel.h */,
				7778735F1D9C16C6006E9B6D /* JSQMessagesLabel.m */,
				777873601D9C16C6006E9B6D /* JSQMessagesLoadEarlierHeaderView.h */,
				777873611D9C16C6006E9B6D /* JSQMessagesLoadEarlierHeaderView.m */,
				777873621D9C16C6006E9B6D /* JSQMessagesLoadEarlierHeaderView.xib */,
				777873631D9C16C6006E9B6D /* JSQMessagesMediaPlaceholderView.h */,
				777873641D9C16C6006E9B6D /* JSQMessagesMediaPlaceholderView.m */,
				777873651D9C16C6006E9B6D /* JSQMessagesToolbarContentView.h */,
				777873661D9C16C6006E9B6D /* JSQMessagesToolbarContentView.m */,
				777873671D9C16C6006E9B6D /* JSQMessagesToolbarContentView.xib */,
				777873681D9C16C6006E9B6D /* JSQMessagesTypingIndicatorFooterView.h */,
				777873691D9C16C6006E9B6D /* JSQMessagesTypingIndicatorFooterView.m */,
				7778736A1D9C16C6006E9B6D /* JSQMessagesTypingIndicatorFooterView.xib */,
				7778736B1D9C16C6006E9B6D /* JSQMessagesTypingView.h */,
				7778736C1D9C16C6006E9B6D /* JSQMessagesTypingView.m */,
			);
			path = Views;
			sourceTree = "<group>";
		};
		7778736E1D9C16C6006E9B6D /* JSQMessagesViewController */ = {
			isa = PBXGroup;
			children = (
				7778730E1D9C16C6006E9B6D /* Assets */,
				777873191D9C16C6006E9B6D /* Categories */,
				7778731D1D9C16C6006E9B6D /* Controllers */,
				777873281D9C16C6006E9B6D /* Factories */,
				777873291D9C16C6006E9B6D /* JSQMessages.h */,
				777873351D9C16C6006E9B6D /* Layout */,
				7778734D1D9C16C6006E9B6D /* Model */,
				7778736D1D9C16C6006E9B6D /* Views */,
			);
			name = JSQMessagesViewController;
			path = ../JSQMessagesViewController;
			sourceTree = "<group>";
		};
/* End PBXGroup section */

/* Begin PBXHeadersBuildPhase section */
		777872FF1D9C16A0006E9B6D /* Headers */ = {
			isa = PBXHeadersBuildPhase;
			buildActionMask = 2147483647;
			files = (
				777873BC1D9C16C6006E9B6D /* JSQMessagesLoadEarlierHeaderView.h in Headers */,
				7778738A1D9C16C6006E9B6D /* JSQMessagesBubbleSizeCalculating.h in Headers */,
				777873B61D9C16C6006E9B6D /* JSQMessagesComposerTextView.h in Headers */,
				777873851D9C16C6006E9B6D /* JSQMessagesToolbarButtonFactory.h in Headers */,
				777873881D9C16C6006E9B6D /* JSQAudioMediaViewAttributes.h in Headers */,
				777873BF1D9C16C6006E9B6D /* JSQMessagesMediaPlaceholderView.h in Headers */,
				777873A31D9C16C6006E9B6D /* JSQMessagesCollectionViewDataSource.h in Headers */,
				777873C11D9C16C6006E9B6D /* JSQMessagesToolbarContentView.h in Headers */,
				777873B31D9C16C6006E9B6D /* JSQMessagesCollectionViewCellOutgoing.h in Headers */,
				777873701D9C16C6006E9B6D /* NSBundle+JSQMessages.h in Headers */,
				777873741D9C16C6006E9B6D /* UIColor+JSQMessages.h in Headers */,
				777873C71D9C16C6006E9B6D /* JSQMessagesTypingView.h in Headers */,
				777873971D9C16C6006E9B6D /* JSQMediaItem.h in Headers */,
				7778739F1D9C16C6006E9B6D /* JSQMessagesAvatarImage.h in Headers */,
				777873A91D9C16C6006E9B6D /* JSQMessagesViewAccessoryButtonDelegate.h in Headers */,
				777873911D9C16C6006E9B6D /* JSQMessagesCollectionViewLayoutAttributes.h in Headers */,
				777873811D9C16C6006E9B6D /* JSQMessagesMediaViewBubbleImageMasker.h in Headers */,
				7778739C1D9C16C6006E9B6D /* JSQMessageBubbleImageDataSource.h in Headers */,
				7778739D1D9C16C6006E9B6D /* JSQMessageData.h in Headers */,
				777873721D9C16C6006E9B6D /* NSString+JSQMessages.h in Headers */,
				777873951D9C16C6006E9B6D /* JSQLocationMediaItem.h in Headers */,
				7778738D1D9C16C6006E9B6D /* JSQMessagesCollectionViewFlowLayout.h in Headers */,
				7778738F1D9C16C6006E9B6D /* JSQMessagesCollectionViewFlowLayoutInvalidationContext.h in Headers */,
				777873C41D9C16C6006E9B6D /* JSQMessagesTypingIndicatorFooterView.h in Headers */,
				777873A51D9C16C6006E9B6D /* JSQPhotoMediaItem.h in Headers */,
				777873831D9C16C6006E9B6D /* JSQMessagesTimestampFormatter.h in Headers */,
				7778739B1D9C16C6006E9B6D /* JSQMessageAvatarImageDataSource.h in Headers */,
				777873871D9C16C6006E9B6D /* JSQMessages.h in Headers */,
				777873B81D9C16C6006E9B6D /* JSQMessagesInputToolbar.h in Headers */,
				777873BA1D9C16C6006E9B6D /* JSQMessagesLabel.h in Headers */,
				777873AE1D9C16C6006E9B6D /* JSQMessagesCollectionViewCell.h in Headers */,
				777873761D9C16C6006E9B6D /* UIImage+JSQMessages.h in Headers */,
				777873A71D9C16C6006E9B6D /* JSQVideoMediaItem.h in Headers */,
				7778738B1D9C16C6006E9B6D /* JSQMessagesBubblesSizeCalculator.h in Headers */,
				777873A11D9C16C6006E9B6D /* JSQMessagesBubbleImage.h in Headers */,
				777873781D9C16C6006E9B6D /* UIView+JSQMessages.h in Headers */,
				7778737D1D9C16C6006E9B6D /* JSQMessagesAvatarImageFactory.h in Headers */,
				777873AA1D9C16C6006E9B6D /* JSQMessagesCellTextView.h in Headers */,
				777873931D9C16C6006E9B6D /* JSQAudioMediaItem.h in Headers */,
				777873B01D9C16C6006E9B6D /* JSQMessagesCollectionViewCellIncoming.h in Headers */,
				7778739E1D9C16C6006E9B6D /* JSQMessageMediaData.h in Headers */,
				777873AC1D9C16C6006E9B6D /* JSQMessagesCollectionView.h in Headers */,
				7778737A1D9C16C6006E9B6D /* JSQMessagesViewController.h in Headers */,
				7778737F1D9C16C6006E9B6D /* JSQMessagesBubbleImageFactory.h in Headers */,
				777873991D9C16C6006E9B6D /* JSQMessage.h in Headers */,
				777873A41D9C16C6006E9B6D /* JSQMessagesCollectionViewDelegateFlowLayout.h in Headers */,
				777873071D9C16A0006E9B6D /* JSQMessagesFramework.h in Headers */,
			);
			runOnlyForDeploymentPostprocessing = 0;
		};
/* End PBXHeadersBuildPhase section */

/* Begin PBXNativeTarget section */
		777873011D9C16A0006E9B6D /* JSQMessagesViewController */ = {
			isa = PBXNativeTarget;
			buildConfigurationList = 7778730A1D9C16A0006E9B6D /* Build configuration list for PBXNativeTarget "JSQMessagesViewController" */;
			buildPhases = (
				777872FD1D9C16A0006E9B6D /* Sources */,
				777872FE1D9C16A0006E9B6D /* Frameworks */,
				777872FF1D9C16A0006E9B6D /* Headers */,
				777873001D9C16A0006E9B6D /* Resources */,
			);
			buildRules = (
			);
			dependencies = (
			);
			name = JSQMessagesViewController;
			productName = JSQMessagesFramework;
			productReference = 777873021D9C16A0006E9B6D /* JSQMessagesViewController.framework */;
			productType = "com.apple.product-type.framework";
		};
/* End PBXNativeTarget section */

/* Begin PBXProject section */
		777872F91D9C16A0006E9B6D /* Project object */ = {
			isa = PBXProject;
			attributes = {
				LastUpgradeCheck = 0800;
				ORGANIZATIONNAME = "Alex Drozhak";
				TargetAttributes = {
					777873011D9C16A0006E9B6D = {
						CreatedOnToolsVersion = 8.0;
						ProvisioningStyle = Automatic;
					};
				};
			};
			buildConfigurationList = 777872FC1D9C16A0006E9B6D /* Build configuration list for PBXProject "JSQMessagesViewController" */;
			compatibilityVersion = "Xcode 3.2";
			developmentRegion = English;
			hasScannedForEncodings = 0;
			knownRegions = (
				en,
			);
			mainGroup = 777872F81D9C16A0006E9B6D;
			productRefGroup = 777873031D9C16A0006E9B6D /* Products */;
			projectDirPath = "";
			projectRoot = "";
			targets = (
				777873011D9C16A0006E9B6D /* JSQMessagesViewController */,
			);
		};
/* End PBXProject section */

/* Begin PBXResourcesBuildPhase section */
		777873001D9C16A0006E9B6D /* Resources */ = {
			isa = PBXResourcesBuildPhase;
			buildActionMask = 2147483647;
			files = (
				7778736F1D9C16C6006E9B6D /* JSQMessagesAssets.bundle in Resources */,
				777873C61D9C16C6006E9B6D /* JSQMessagesTypingIndicatorFooterView.xib in Resources */,
				7778737C1D9C16C6006E9B6D /* JSQMessagesViewController.xib in Resources */,
				777873B21D9C16C6006E9B6D /* JSQMessagesCollectionViewCellIncoming.xib in Resources */,
				777873BE1D9C16C6006E9B6D /* JSQMessagesLoadEarlierHeaderView.xib in Resources */,
				777873B51D9C16C6006E9B6D /* JSQMessagesCollectionViewCellOutgoing.xib in Resources */,
				777873C31D9C16C6006E9B6D /* JSQMessagesToolbarContentView.xib in Resources */,
			);
			runOnlyForDeploymentPostprocessing = 0;
		};
/* End PBXResourcesBuildPhase section */

/* Begin PBXSourcesBuildPhase section */
		777872FD1D9C16A0006E9B6D /* Sources */ = {
			isa = PBXSourcesBuildPhase;
			buildActionMask = 2147483647;
			files = (
				777873731D9C16C6006E9B6D /* NSString+JSQMessages.m in Sources */,
				7778738C1D9C16C6006E9B6D /* JSQMessagesBubblesSizeCalculator.m in Sources */,
				777873A61D9C16C6006E9B6D /* JSQPhotoMediaItem.m in Sources */,
				7778739A1D9C16C6006E9B6D /* JSQMessage.m in Sources */,
				777873821D9C16C6006E9B6D /* JSQMessagesMediaViewBubbleImageMasker.m in Sources */,
				777873901D9C16C6006E9B6D /* JSQMessagesCollectionViewFlowLayoutInvalidationContext.m in Sources */,
				777873B71D9C16C6006E9B6D /* JSQMessagesComposerTextView.m in Sources */,
				777873841D9C16C6006E9B6D /* JSQMessagesTimestampFormatter.m in Sources */,
				7778737B1D9C16C6006E9B6D /* JSQMessagesViewController.m in Sources */,
				777873751D9C16C6006E9B6D /* UIColor+JSQMessages.m in Sources */,
				777873AD1D9C16C6006E9B6D /* JSQMessagesCollectionView.m in Sources */,
				7778737E1D9C16C6006E9B6D /* JSQMessagesAvatarImageFactory.m in Sources */,
				777873B11D9C16C6006E9B6D /* JSQMessagesCollectionViewCellIncoming.m in Sources */,
				777873C51D9C16C6006E9B6D /* JSQMessagesTypingIndicatorFooterView.m in Sources */,
				777873921D9C16C6006E9B6D /* JSQMessagesCollectionViewLayoutAttributes.m in Sources */,
				777873B41D9C16C6006E9B6D /* JSQMessagesCollectionViewCellOutgoing.m in Sources */,
				777873961D9C16C6006E9B6D /* JSQLocationMediaItem.m in Sources */,
				777873941D9C16C6006E9B6D /* JSQAudioMediaItem.m in Sources */,
				777873771D9C16C6006E9B6D /* UIImage+JSQMessages.m in Sources */,
				777873C81D9C16C6006E9B6D /* JSQMessagesTypingView.m in Sources */,
				777873C01D9C16C6006E9B6D /* JSQMessagesMediaPlaceholderView.m in Sources */,
				777873B91D9C16C6006E9B6D /* JSQMessagesInputToolbar.m in Sources */,
				777873BB1D9C16C6006E9B6D /* JSQMessagesLabel.m in Sources */,
				777873791D9C16C6006E9B6D /* UIView+JSQMessages.m in Sources */,
				777873711D9C16C6006E9B6D /* NSBundle+JSQMessages.m in Sources */,
				777873AF1D9C16C6006E9B6D /* JSQMessagesCollectionViewCell.m in Sources */,
				777873801D9C16C6006E9B6D /* JSQMessagesBubbleImageFactory.m in Sources */,
				777873A01D9C16C6006E9B6D /* JSQMessagesAvatarImage.m in Sources */,
				777873A81D9C16C6006E9B6D /* JSQVideoMediaItem.m in Sources */,
				777873C21D9C16C6006E9B6D /* JSQMessagesToolbarContentView.m in Sources */,
				777873981D9C16C6006E9B6D /* JSQMediaItem.m in Sources */,
				777873BD1D9C16C6006E9B6D /* JSQMessagesLoadEarlierHeaderView.m in Sources */,
				7778738E1D9C16C6006E9B6D /* JSQMessagesCollectionViewFlowLayout.m in Sources */,
				777873891D9C16C6006E9B6D /* JSQAudioMediaViewAttributes.m in Sources */,
				777873AB1D9C16C6006E9B6D /* JSQMessagesCellTextView.m in Sources */,
				777873A21D9C16C6006E9B6D /* JSQMessagesBubbleImage.m in Sources */,
				777873861D9C16C6006E9B6D /* JSQMessagesToolbarButtonFactory.m in Sources */,
			);
			runOnlyForDeploymentPostprocessing = 0;
		};
/* End PBXSourcesBuildPhase section */

/* Begin XCBuildConfiguration section */
		777873081D9C16A0006E9B6D /* Debug */ = {
			isa = XCBuildConfiguration;
			buildSettings = {
				ALWAYS_SEARCH_USER_PATHS = NO;
				CLANG_ANALYZER_NONNULL = YES;
				CLANG_CXX_LANGUAGE_STANDARD = "gnu++0x";
				CLANG_CXX_LIBRARY = "libc++";
				CLANG_ENABLE_MODULES = YES;
				CLANG_ENABLE_OBJC_ARC = YES;
				CLANG_WARN_BOOL_CONVERSION = YES;
				CLANG_WARN_CONSTANT_CONVERSION = YES;
				CLANG_WARN_DIRECT_OBJC_ISA_USAGE = YES_ERROR;
				CLANG_WARN_DOCUMENTATION_COMMENTS = YES;
				CLANG_WARN_EMPTY_BODY = YES;
				CLANG_WARN_ENUM_CONVERSION = YES;
				CLANG_WARN_INFINITE_RECURSION = YES;
				CLANG_WARN_INT_CONVERSION = YES;
				CLANG_WARN_OBJC_ROOT_CLASS = YES_ERROR;
				CLANG_WARN_SUSPICIOUS_MOVES = YES;
				CLANG_WARN_UNREACHABLE_CODE = YES;
				CLANG_WARN__DUPLICATE_METHOD_MATCH = YES;
				"CODE_SIGN_IDENTITY[sdk=iphoneos*]" = "iPhone Developer";
				COPY_PHASE_STRIP = NO;
				CURRENT_PROJECT_VERSION = 1;
				DEBUG_INFORMATION_FORMAT = dwarf;
				ENABLE_STRICT_OBJC_MSGSEND = YES;
				ENABLE_TESTABILITY = YES;
				GCC_C_LANGUAGE_STANDARD = gnu99;
				GCC_DYNAMIC_NO_PIC = NO;
				GCC_NO_COMMON_BLOCKS = YES;
				GCC_OPTIMIZATION_LEVEL = 0;
				GCC_PREPROCESSOR_DEFINITIONS = (
					"DEBUG=1",
					"$(inherited)",
				);
				GCC_WARN_64_TO_32_BIT_CONVERSION = YES;
				GCC_WARN_ABOUT_RETURN_TYPE = YES_ERROR;
				GCC_WARN_UNDECLARED_SELECTOR = YES;
				GCC_WARN_UNINITIALIZED_AUTOS = YES_AGGRESSIVE;
				GCC_WARN_UNUSED_FUNCTION = YES;
				GCC_WARN_UNUSED_VARIABLE = YES;
				IPHONEOS_DEPLOYMENT_TARGET = 10.0;
				MTL_ENABLE_DEBUG_INFO = YES;
				ONLY_ACTIVE_ARCH = YES;
				SDKROOT = iphoneos;
				TARGETED_DEVICE_FAMILY = "1,2";
				VERSIONING_SYSTEM = "apple-generic";
				VERSION_INFO_PREFIX = "";
			};
			name = Debug;
		};
		777873091D9C16A0006E9B6D /* Release */ = {
			isa = XCBuildConfiguration;
			buildSettings = {
				ALWAYS_SEARCH_USER_PATHS = NO;
				CLANG_ANALYZER_NONNULL = YES;
				CLANG_CXX_LANGUAGE_STANDARD = "gnu++0x";
				CLANG_CXX_LIBRARY = "libc++";
				CLANG_ENABLE_MODULES = YES;
				CLANG_ENABLE_OBJC_ARC = YES;
				CLANG_WARN_BOOL_CONVERSION = YES;
				CLANG_WARN_CONSTANT_CONVERSION = YES;
				CLANG_WARN_DIRECT_OBJC_ISA_USAGE = YES_ERROR;
				CLANG_WARN_DOCUMENTATION_COMMENTS = YES;
				CLANG_WARN_EMPTY_BODY = YES;
				CLANG_WARN_ENUM_CONVERSION = YES;
				CLANG_WARN_INFINITE_RECURSION = YES;
				CLANG_WARN_INT_CONVERSION = YES;
				CLANG_WARN_OBJC_ROOT_CLASS = YES_ERROR;
				CLANG_WARN_SUSPICIOUS_MOVES = YES;
				CLANG_WARN_UNREACHABLE_CODE = YES;
				CLANG_WARN__DUPLICATE_METHOD_MATCH = YES;
				"CODE_SIGN_IDENTITY[sdk=iphoneos*]" = "iPhone Developer";
				COPY_PHASE_STRIP = NO;
				CURRENT_PROJECT_VERSION = 1;
				DEBUG_INFORMATION_FORMAT = "dwarf-with-dsym";
				ENABLE_NS_ASSERTIONS = NO;
				ENABLE_STRICT_OBJC_MSGSEND = YES;
				GCC_C_LANGUAGE_STANDARD = gnu99;
				GCC_NO_COMMON_BLOCKS = YES;
				GCC_WARN_64_TO_32_BIT_CONVERSION = YES;
				GCC_WARN_ABOUT_RETURN_TYPE = YES_ERROR;
				GCC_WARN_UNDECLARED_SELECTOR = YES;
				GCC_WARN_UNINITIALIZED_AUTOS = YES_AGGRESSIVE;
				GCC_WARN_UNUSED_FUNCTION = YES;
				GCC_WARN_UNUSED_VARIABLE = YES;
				IPHONEOS_DEPLOYMENT_TARGET = 10.0;
				MTL_ENABLE_DEBUG_INFO = NO;
				SDKROOT = iphoneos;
				TARGETED_DEVICE_FAMILY = "1,2";
				VALIDATE_PRODUCT = YES;
				VERSIONING_SYSTEM = "apple-generic";
				VERSION_INFO_PREFIX = "";
			};
			name = Release;
		};
		7778730B1D9C16A0006E9B6D /* Debug */ = {
			isa = XCBuildConfiguration;
			buildSettings = {
				CODE_SIGN_IDENTITY = "";
				DEFINES_MODULE = YES;
				DYLIB_COMPATIBILITY_VERSION = 1;
				DYLIB_CURRENT_VERSION = 1;
				DYLIB_INSTALL_NAME_BASE = "@rpath";
				INFOPLIST_FILE = JSQMessagesFramework/Info.plist;
				INSTALL_PATH = "$(LOCAL_LIBRARY_DIR)/Frameworks";
				LD_RUNPATH_SEARCH_PATHS = "$(inherited) @executable_path/Frameworks @loader_path/Frameworks";
				PRODUCT_BUNDLE_IDENTIFIER = com.93hz.JSQMessagesFramework;
				PRODUCT_NAME = "$(TARGET_NAME)";
				SKIP_INSTALL = YES;
			};
			name = Debug;
		};
		7778730C1D9C16A0006E9B6D /* Release */ = {
			isa = XCBuildConfiguration;
			buildSettings = {
				CODE_SIGN_IDENTITY = "";
				DEFINES_MODULE = YES;
				DYLIB_COMPATIBILITY_VERSION = 1;
				DYLIB_CURRENT_VERSION = 1;
				DYLIB_INSTALL_NAME_BASE = "@rpath";
				INFOPLIST_FILE = JSQMessagesFramework/Info.plist;
				INSTALL_PATH = "$(LOCAL_LIBRARY_DIR)/Frameworks";
				LD_RUNPATH_SEARCH_PATHS = "$(inherited) @executable_path/Frameworks @loader_path/Frameworks";
				PRODUCT_BUNDLE_IDENTIFIER = com.93hz.JSQMessagesFramework;
				PRODUCT_NAME = "$(TARGET_NAME)";
				SKIP_INSTALL = YES;
			};
			name = Release;
		};
/* End XCBuildConfiguration section */

/* Begin XCConfigurationList section */
		777872FC1D9C16A0006E9B6D /* Build configuration list for PBXProject "JSQMessagesViewController" */ = {
			isa = XCConfigurationList;
			buildConfigurations = (
				777873081D9C16A0006E9B6D /* Debug */,
				777873091D9C16A0006E9B6D /* Release */,
			);
			defaultConfigurationIsVisible = 0;
			defaultConfigurationName = Release;
		};
		7778730A1D9C16A0006E9B6D /* Build configuration list for PBXNativeTarget "JSQMessagesViewController" */ = {
			isa = XCConfigurationList;
			buildConfigurations = (
				7778730B1D9C16A0006E9B6D /* Debug */,
				7778730C1D9C16A0006E9B6D /* Release */,
			);
			defaultConfigurationIsVisible = 0;
		};
/* End XCConfigurationList section */
	};
	rootObject = 777872F91D9C16A0006E9B6D /* Project object */;
}
