// !$*UTF8*$!
{
	archiveVersion = 1;
	classes = {
	};
	objectVersion = 46;
	objects = {

/* Begin PBXBuildFile section */
		777873071D9C16A0006E9B6D /* JSQMessagesViewController.h in Headers */ = {isa = PBXBuildFile; fileRef = 777873051D9C16A0006E9B6D /* JSQMessagesViewController.h */; settings = {ATTRIBUTES = (Public, ); }; };
		7778742B1D9C1870006E9B6D /* JSQMessagesAssets.bundle in Resources */ = {isa = PBXBuildFile; fileRef = 777873C91D9C1870006E9B6D /* JSQMessagesAssets.bundle */; };
		7778742C1D9C1870006E9B6D /* NSBundle+JSQMessages.h in Headers */ = {isa = PBXBuildFile; fileRef = 777873CB1D9C1870006E9B6D /* NSBundle+JSQMessages.h */; settings = {ATTRIBUTES = (Private, ); }; };
		7778742D1D9C1870006E9B6D /* NSBundle+JSQMessages.m in Sources */ = {isa = PBXBuildFile; fileRef = 777873CC1D9C1870006E9B6D /* NSBundle+JSQMessages.m */; };
		7778742E1D9C1870006E9B6D /* NSString+JSQMessages.h in Headers */ = {isa = PBXBuildFile; fileRef = 777873CD1D9C1870006E9B6D /* NSString+JSQMessages.h */; settings = {ATTRIBUTES = (Private, ); }; };
		7778742F1D9C1870006E9B6D /* NSString+JSQMessages.m in Sources */ = {isa = PBXBuildFile; fileRef = 777873CE1D9C1870006E9B6D /* NSString+JSQMessages.m */; };
		777874301D9C1870006E9B6D /* UIColor+JSQMessages.h in Headers */ = {isa = PBXBuildFile; fileRef = 777873CF1D9C1870006E9B6D /* UIColor+JSQMessages.h */; settings = {ATTRIBUTES = (Private, ); }; };
		777874311D9C1870006E9B6D /* UIColor+JSQMessages.m in Sources */ = {isa = PBXBuildFile; fileRef = 777873D01D9C1870006E9B6D /* UIColor+JSQMessages.m */; };
		777874321D9C1870006E9B6D /* UIImage+JSQMessages.h in Headers */ = {isa = PBXBuildFile; fileRef = 777873D11D9C1870006E9B6D /* UIImage+JSQMessages.h */; settings = {ATTRIBUTES = (Private, ); }; };
		777874331D9C1870006E9B6D /* UIImage+JSQMessages.m in Sources */ = {isa = PBXBuildFile; fileRef = 777873D21D9C1870006E9B6D /* UIImage+JSQMessages.m */; };
		777874341D9C1870006E9B6D /* UIView+JSQMessages.h in Headers */ = {isa = PBXBuildFile; fileRef = 777873D31D9C1870006E9B6D /* UIView+JSQMessages.h */; settings = {ATTRIBUTES = (Private, ); }; };
		777874351D9C1870006E9B6D /* UIView+JSQMessages.m in Sources */ = {isa = PBXBuildFile; fileRef = 777873D41D9C1870006E9B6D /* UIView+JSQMessages.m */; };
		777874361D9C1870006E9B6D /* JSQMessagesViewController.h in Headers */ = {isa = PBXBuildFile; fileRef = 777873D61D9C1870006E9B6D /* JSQMessagesViewController.h */; settings = {ATTRIBUTES = (Private, ); }; };
		777874371D9C1870006E9B6D /* JSQMessagesViewController.m in Sources */ = {isa = PBXBuildFile; fileRef = 777873D71D9C1870006E9B6D /* JSQMessagesViewController.m */; };
		777874381D9C1870006E9B6D /* JSQMessagesViewController.xib in Resources */ = {isa = PBXBuildFile; fileRef = 777873D81D9C1870006E9B6D /* JSQMessagesViewController.xib */; };
		777874391D9C1870006E9B6D /* JSQMessagesAvatarImageFactory.h in Headers */ = {isa = PBXBuildFile; fileRef = 777873DA1D9C1870006E9B6D /* JSQMessagesAvatarImageFactory.h */; settings = {ATTRIBUTES = (Private, ); }; };
		7778743A1D9C1870006E9B6D /* JSQMessagesAvatarImageFactory.m in Sources */ = {isa = PBXBuildFile; fileRef = 777873DB1D9C1870006E9B6D /* JSQMessagesAvatarImageFactory.m */; };
		7778743B1D9C1870006E9B6D /* JSQMessagesBubbleImageFactory.h in Headers */ = {isa = PBXBuildFile; fileRef = 777873DC1D9C1870006E9B6D /* JSQMessagesBubbleImageFactory.h */; settings = {ATTRIBUTES = (Private, ); }; };
		7778743C1D9C1870006E9B6D /* JSQMessagesBubbleImageFactory.m in Sources */ = {isa = PBXBuildFile; fileRef = 777873DD1D9C1870006E9B6D /* JSQMessagesBubbleImageFactory.m */; };
		7778743D1D9C1870006E9B6D /* JSQMessagesMediaViewBubbleImageMasker.h in Headers */ = {isa = PBXBuildFile; fileRef = 777873DE1D9C1870006E9B6D /* JSQMessagesMediaViewBubbleImageMasker.h */; settings = {ATTRIBUTES = (Private, ); }; };
		7778743E1D9C1870006E9B6D /* JSQMessagesMediaViewBubbleImageMasker.m in Sources */ = {isa = PBXBuildFile; fileRef = 777873DF1D9C1870006E9B6D /* JSQMessagesMediaViewBubbleImageMasker.m */; };
		7778743F1D9C1870006E9B6D /* JSQMessagesTimestampFormatter.h in Headers */ = {isa = PBXBuildFile; fileRef = 777873E01D9C1870006E9B6D /* JSQMessagesTimestampFormatter.h */; settings = {ATTRIBUTES = (Private, ); }; };
		777874401D9C1870006E9B6D /* JSQMessagesTimestampFormatter.m in Sources */ = {isa = PBXBuildFile; fileRef = 777873E11D9C1870006E9B6D /* JSQMessagesTimestampFormatter.m */; };
		777874411D9C1870006E9B6D /* JSQMessagesToolbarButtonFactory.h in Headers */ = {isa = PBXBuildFile; fileRef = 777873E21D9C1870006E9B6D /* JSQMessagesToolbarButtonFactory.h */; settings = {ATTRIBUTES = (Private, ); }; };
		777874421D9C1870006E9B6D /* JSQMessagesToolbarButtonFactory.m in Sources */ = {isa = PBXBuildFile; fileRef = 777873E31D9C1870006E9B6D /* JSQMessagesToolbarButtonFactory.m */; };
		777874431D9C1870006E9B6D /* JSQMessages.h in Headers */ = {isa = PBXBuildFile; fileRef = 777873E51D9C1870006E9B6D /* JSQMessages.h */; settings = {ATTRIBUTES = (Private, ); }; };
		777874441D9C1870006E9B6D /* JSQAudioMediaViewAttributes.h in Headers */ = {isa = PBXBuildFile; fileRef = 777873E61D9C1870006E9B6D /* JSQAudioMediaViewAttributes.h */; settings = {ATTRIBUTES = (Private, ); }; };
		777874451D9C1870006E9B6D /* JSQAudioMediaViewAttributes.m in Sources */ = {isa = PBXBuildFile; fileRef = 777873E71D9C1870006E9B6D /* JSQAudioMediaViewAttributes.m */; };
		777874461D9C1870006E9B6D /* JSQMessagesBubbleSizeCalculating.h in Headers */ = {isa = PBXBuildFile; fileRef = 777873E81D9C1870006E9B6D /* JSQMessagesBubbleSizeCalculating.h */; settings = {ATTRIBUTES = (Private, ); }; };
		777874471D9C1870006E9B6D /* JSQMessagesBubblesSizeCalculator.h in Headers */ = {isa = PBXBuildFile; fileRef = 777873E91D9C1870006E9B6D /* JSQMessagesBubblesSizeCalculator.h */; settings = {ATTRIBUTES = (Private, ); }; };
		777874481D9C1870006E9B6D /* JSQMessagesBubblesSizeCalculator.m in Sources */ = {isa = PBXBuildFile; fileRef = 777873EA1D9C1870006E9B6D /* JSQMessagesBubblesSizeCalculator.m */; };
		777874491D9C1870006E9B6D /* JSQMessagesCollectionViewFlowLayout.h in Headers */ = {isa = PBXBuildFile; fileRef = 777873EB1D9C1870006E9B6D /* JSQMessagesCollectionViewFlowLayout.h */; settings = {ATTRIBUTES = (Private, ); }; };
		7778744A1D9C1870006E9B6D /* JSQMessagesCollectionViewFlowLayout.m in Sources */ = {isa = PBXBuildFile; fileRef = 777873EC1D9C1870006E9B6D /* JSQMessagesCollectionViewFlowLayout.m */; };
		7778744B1D9C1870006E9B6D /* JSQMessagesCollectionViewFlowLayoutInvalidationContext.h in Headers */ = {isa = PBXBuildFile; fileRef = 777873ED1D9C1870006E9B6D /* JSQMessagesCollectionViewFlowLayoutInvalidationContext.h */; settings = {ATTRIBUTES = (Private, ); }; };
		7778744C1D9C1870006E9B6D /* JSQMessagesCollectionViewFlowLayoutInvalidationContext.m in Sources */ = {isa = PBXBuildFile; fileRef = 777873EE1D9C1870006E9B6D /* JSQMessagesCollectionViewFlowLayoutInvalidationContext.m */; };
		7778744D1D9C1870006E9B6D /* JSQMessagesCollectionViewLayoutAttributes.h in Headers */ = {isa = PBXBuildFile; fileRef = 777873EF1D9C1870006E9B6D /* JSQMessagesCollectionViewLayoutAttributes.h */; settings = {ATTRIBUTES = (Private, ); }; };
		7778744E1D9C1870006E9B6D /* JSQMessagesCollectionViewLayoutAttributes.m in Sources */ = {isa = PBXBuildFile; fileRef = 777873F01D9C1870006E9B6D /* JSQMessagesCollectionViewLayoutAttributes.m */; };
		7778744F1D9C1870006E9B6D /* JSQAudioMediaItem.h in Headers */ = {isa = PBXBuildFile; fileRef = 777873F21D9C1870006E9B6D /* JSQAudioMediaItem.h */; settings = {ATTRIBUTES = (Private, ); }; };
		777874501D9C1870006E9B6D /* JSQAudioMediaItem.m in Sources */ = {isa = PBXBuildFile; fileRef = 777873F31D9C1870006E9B6D /* JSQAudioMediaItem.m */; };
		777874511D9C1870006E9B6D /* JSQLocationMediaItem.h in Headers */ = {isa = PBXBuildFile; fileRef = 777873F41D9C1870006E9B6D /* JSQLocationMediaItem.h */; settings = {ATTRIBUTES = (Private, ); }; };
		777874521D9C1870006E9B6D /* JSQLocationMediaItem.m in Sources */ = {isa = PBXBuildFile; fileRef = 777873F51D9C1870006E9B6D /* JSQLocationMediaItem.m */; };
		777874531D9C1870006E9B6D /* JSQMediaItem.h in Headers */ = {isa = PBXBuildFile; fileRef = 777873F61D9C1870006E9B6D /* JSQMediaItem.h */; settings = {ATTRIBUTES = (Private, ); }; };
		777874541D9C1870006E9B6D /* JSQMediaItem.m in Sources */ = {isa = PBXBuildFile; fileRef = 777873F71D9C1870006E9B6D /* JSQMediaItem.m */; };
		777874551D9C1870006E9B6D /* JSQMessage.h in Headers */ = {isa = PBXBuildFile; fileRef = 777873F81D9C1870006E9B6D /* JSQMessage.h */; settings = {ATTRIBUTES = (Private, ); }; };
		777874561D9C1870006E9B6D /* JSQMessage.m in Sources */ = {isa = PBXBuildFile; fileRef = 777873F91D9C1870006E9B6D /* JSQMessage.m */; };
		777874571D9C1870006E9B6D /* JSQMessageAvatarImageDataSource.h in Headers */ = {isa = PBXBuildFile; fileRef = 777873FA1D9C1870006E9B6D /* JSQMessageAvatarImageDataSource.h */; settings = {ATTRIBUTES = (Private, ); }; };
		777874581D9C1870006E9B6D /* JSQMessageBubbleImageDataSource.h in Headers */ = {isa = PBXBuildFile; fileRef = 777873FB1D9C1870006E9B6D /* JSQMessageBubbleImageDataSource.h */; settings = {ATTRIBUTES = (Private, ); }; };
		777874591D9C1870006E9B6D /* JSQMessageData.h in Headers */ = {isa = PBXBuildFile; fileRef = 777873FC1D9C1870006E9B6D /* JSQMessageData.h */; settings = {ATTRIBUTES = (Private, ); }; };
		7778745A1D9C1870006E9B6D /* JSQMessageMediaData.h in Headers */ = {isa = PBXBuildFile; fileRef = 777873FD1D9C1870006E9B6D /* JSQMessageMediaData.h */; settings = {ATTRIBUTES = (Private, ); }; };
		7778745B1D9C1870006E9B6D /* JSQMessagesAvatarImage.h in Headers */ = {isa = PBXBuildFile; fileRef = 777873FE1D9C1870006E9B6D /* JSQMessagesAvatarImage.h */; settings = {ATTRIBUTES = (Private, ); }; };
		7778745C1D9C1870006E9B6D /* JSQMessagesAvatarImage.m in Sources */ = {isa = PBXBuildFile; fileRef = 777873FF1D9C1870006E9B6D /* JSQMessagesAvatarImage.m */; };
		7778745D1D9C1870006E9B6D /* JSQMessagesBubbleImage.h in Headers */ = {isa = PBXBuildFile; fileRef = 777874001D9C1870006E9B6D /* JSQMessagesBubbleImage.h */; settings = {ATTRIBUTES = (Private, ); }; };
		7778745E1D9C1870006E9B6D /* JSQMessagesBubbleImage.m in Sources */ = {isa = PBXBuildFile; fileRef = 777874011D9C1870006E9B6D /* JSQMessagesBubbleImage.m */; };
		7778745F1D9C1870006E9B6D /* JSQMessagesCollectionViewDataSource.h in Headers */ = {isa = PBXBuildFile; fileRef = 777874021D9C1870006E9B6D /* JSQMessagesCollectionViewDataSource.h */; settings = {ATTRIBUTES = (Private, ); }; };
		777874601D9C1870006E9B6D /* JSQMessagesCollectionViewDelegateFlowLayout.h in Headers */ = {isa = PBXBuildFile; fileRef = 777874031D9C1870006E9B6D /* JSQMessagesCollectionViewDelegateFlowLayout.h */; settings = {ATTRIBUTES = (Private, ); }; };
		777874611D9C1870006E9B6D /* JSQPhotoMediaItem.h in Headers */ = {isa = PBXBuildFile; fileRef = 777874041D9C1870006E9B6D /* JSQPhotoMediaItem.h */; settings = {ATTRIBUTES = (Private, ); }; };
		777874621D9C1870006E9B6D /* JSQPhotoMediaItem.m in Sources */ = {isa = PBXBuildFile; fileRef = 777874051D9C1870006E9B6D /* JSQPhotoMediaItem.m */; };
		777874631D9C1870006E9B6D /* JSQVideoMediaItem.h in Headers */ = {isa = PBXBuildFile; fileRef = 777874061D9C1870006E9B6D /* JSQVideoMediaItem.h */; settings = {ATTRIBUTES = (Private, ); }; };
		777874641D9C1870006E9B6D /* JSQVideoMediaItem.m in Sources */ = {isa = PBXBuildFile; fileRef = 777874071D9C1870006E9B6D /* JSQVideoMediaItem.m */; };
		777874651D9C1870006E9B6D /* JSQMessagesViewAccessoryButtonDelegate.h in Headers */ = {isa = PBXBuildFile; fileRef = 777874081D9C1870006E9B6D /* JSQMessagesViewAccessoryButtonDelegate.h */; settings = {ATTRIBUTES = (Private, ); }; };
		777874661D9C1870006E9B6D /* JSQMessagesCellTextView.h in Headers */ = {isa = PBXBuildFile; fileRef = 7778740A1D9C1870006E9B6D /* JSQMessagesCellTextView.h */; settings = {ATTRIBUTES = (Private, ); }; };
		777874671D9C1870006E9B6D /* JSQMessagesCellTextView.m in Sources */ = {isa = PBXBuildFile; fileRef = 7778740B1D9C1870006E9B6D /* JSQMessagesCellTextView.m */; };
		777874681D9C1870006E9B6D /* JSQMessagesCollectionView.h in Headers */ = {isa = PBXBuildFile; fileRef = 7778740C1D9C1870006E9B6D /* JSQMessagesCollectionView.h */; settings = {ATTRIBUTES = (Private, ); }; };
		777874691D9C1870006E9B6D /* JSQMessagesCollectionView.m in Sources */ = {isa = PBXBuildFile; fileRef = 7778740D1D9C1870006E9B6D /* JSQMessagesCollectionView.m */; };
		7778746A1D9C1870006E9B6D /* JSQMessagesCollectionViewCell.h in Headers */ = {isa = PBXBuildFile; fileRef = 7778740E1D9C1870006E9B6D /* JSQMessagesCollectionViewCell.h */; settings = {ATTRIBUTES = (Private, ); }; };
		7778746B1D9C1870006E9B6D /* JSQMessagesCollectionViewCell.m in Sources */ = {isa = PBXBuildFile; fileRef = 7778740F1D9C1870006E9B6D /* JSQMessagesCollectionViewCell.m */; };
		7778746C1D9C1870006E9B6D /* JSQMessagesCollectionViewCellIncoming.h in Headers */ = {isa = PBXBuildFile; fileRef = 777874101D9C1870006E9B6D /* JSQMessagesCollectionViewCellIncoming.h */; settings = {ATTRIBUTES = (Private, ); }; };
		7778746D1D9C1870006E9B6D /* JSQMessagesCollectionViewCellIncoming.m in Sources */ = {isa = PBXBuildFile; fileRef = 777874111D9C1870006E9B6D /* JSQMessagesCollectionViewCellIncoming.m */; };
		7778746E1D9C1870006E9B6D /* JSQMessagesCollectionViewCellIncoming.xib in Resources */ = {isa = PBXBuildFile; fileRef = 777874121D9C1870006E9B6D /* JSQMessagesCollectionViewCellIncoming.xib */; };
		7778746F1D9C1870006E9B6D /* JSQMessagesCollectionViewCellOutgoing.h in Headers */ = {isa = PBXBuildFile; fileRef = 777874131D9C1870006E9B6D /* JSQMessagesCollectionViewCellOutgoing.h */; settings = {ATTRIBUTES = (Private, ); }; };
		777874701D9C1870006E9B6D /* JSQMessagesCollectionViewCellOutgoing.m in Sources */ = {isa = PBXBuildFile; fileRef = 777874141D9C1870006E9B6D /* JSQMessagesCollectionViewCellOutgoing.m */; };
		777874711D9C1870006E9B6D /* JSQMessagesCollectionViewCellOutgoing.xib in Resources */ = {isa = PBXBuildFile; fileRef = 777874151D9C1870006E9B6D /* JSQMessagesCollectionViewCellOutgoing.xib */; };
		777874721D9C1870006E9B6D /* JSQMessagesComposerTextView.h in Headers */ = {isa = PBXBuildFile; fileRef = 777874161D9C1870006E9B6D /* JSQMessagesComposerTextView.h */; settings = {ATTRIBUTES = (Private, ); }; };
		777874731D9C1870006E9B6D /* JSQMessagesComposerTextView.m in Sources */ = {isa = PBXBuildFile; fileRef = 777874171D9C1870006E9B6D /* JSQMessagesComposerTextView.m */; };
		777874741D9C1870006E9B6D /* JSQMessagesInputToolbar.h in Headers */ = {isa = PBXBuildFile; fileRef = 777874181D9C1870006E9B6D /* JSQMessagesInputToolbar.h */; settings = {ATTRIBUTES = (Private, ); }; };
		777874751D9C1870006E9B6D /* JSQMessagesInputToolbar.m in Sources */ = {isa = PBXBuildFile; fileRef = 777874191D9C1870006E9B6D /* JSQMessagesInputToolbar.m */; };
		777874761D9C1870006E9B6D /* JSQMessagesLabel.h in Headers */ = {isa = PBXBuildFile; fileRef = 7778741A1D9C1870006E9B6D /* JSQMessagesLabel.h */; settings = {ATTRIBUTES = (Private, ); }; };
		777874771D9C1870006E9B6D /* JSQMessagesLabel.m in Sources */ = {isa = PBXBuildFile; fileRef = 7778741B1D9C1870006E9B6D /* JSQMessagesLabel.m */; };
		777874781D9C1870006E9B6D /* JSQMessagesLoadEarlierHeaderView.h in Headers */ = {isa = PBXBuildFile; fileRef = 7778741C1D9C1870006E9B6D /* JSQMessagesLoadEarlierHeaderView.h */; settings = {ATTRIBUTES = (Private, ); }; };
		777874791D9C1870006E9B6D /* JSQMessagesLoadEarlierHeaderView.m in Sources */ = {isa = PBXBuildFile; fileRef = 7778741D1D9C1870006E9B6D /* JSQMessagesLoadEarlierHeaderView.m */; };
		7778747A1D9C1870006E9B6D /* JSQMessagesLoadEarlierHeaderView.xib in Resources */ = {isa = PBXBuildFile; fileRef = 7778741E1D9C1870006E9B6D /* JSQMessagesLoadEarlierHeaderView.xib */; };
		7778747B1D9C1870006E9B6D /* JSQMessagesMediaPlaceholderView.h in Headers */ = {isa = PBXBuildFile; fileRef = 7778741F1D9C1870006E9B6D /* JSQMessagesMediaPlaceholderView.h */; settings = {ATTRIBUTES = (Private, ); }; };
		7778747C1D9C1870006E9B6D /* JSQMessagesMediaPlaceholderView.m in Sources */ = {isa = PBXBuildFile; fileRef = 777874201D9C1870006E9B6D /* JSQMessagesMediaPlaceholderView.m */; };
		7778747D1D9C1870006E9B6D /* JSQMessagesToolbarContentView.h in Headers */ = {isa = PBXBuildFile; fileRef = 777874211D9C1870006E9B6D /* JSQMessagesToolbarContentView.h */; settings = {ATTRIBUTES = (Private, ); }; };
		7778747E1D9C1870006E9B6D /* JSQMessagesToolbarContentView.m in Sources */ = {isa = PBXBuildFile; fileRef = 777874221D9C1870006E9B6D /* JSQMessagesToolbarContentView.m */; };
		7778747F1D9C1870006E9B6D /* JSQMessagesToolbarContentView.xib in Resources */ = {isa = PBXBuildFile; fileRef = 777874231D9C1870006E9B6D /* JSQMessagesToolbarContentView.xib */; };
		777874801D9C1870006E9B6D /* JSQMessagesTypingIndicatorFooterView.h in Headers */ = {isa = PBXBuildFile; fileRef = 777874241D9C1870006E9B6D /* JSQMessagesTypingIndicatorFooterView.h */; settings = {ATTRIBUTES = (Private, ); }; };
		777874811D9C1870006E9B6D /* JSQMessagesTypingIndicatorFooterView.m in Sources */ = {isa = PBXBuildFile; fileRef = 777874251D9C1870006E9B6D /* JSQMessagesTypingIndicatorFooterView.m */; };
		777874821D9C1870006E9B6D /* JSQMessagesTypingIndicatorFooterView.xib in Resources */ = {isa = PBXBuildFile; fileRef = 777874261D9C1870006E9B6D /* JSQMessagesTypingIndicatorFooterView.xib */; };
		777874831D9C1870006E9B6D /* JSQMessagesTypingView.h in Headers */ = {isa = PBXBuildFile; fileRef = 777874271D9C1870006E9B6D /* JSQMessagesTypingView.h */; settings = {ATTRIBUTES = (Private, ); }; };
		777874841D9C1870006E9B6D /* JSQMessagesTypingView.m in Sources */ = {isa = PBXBuildFile; fileRef = 777874281D9C1870006E9B6D /* JSQMessagesTypingView.m */; };
/* End PBXBuildFile section */

/* Begin PBXFileReference section */
		777873021D9C16A0006E9B6D /* JSQMessagesViewController.framework */ = {isa = PBXFileReference; explicitFileType = wrapper.framework; includeInIndex = 0; path = JSQMessagesViewController.framework; sourceTree = BUILT_PRODUCTS_DIR; };
		777873051D9C16A0006E9B6D /* JSQMessagesViewController.h */ = {isa = PBXFileReference; lastKnownFileType = sourcecode.c.h; path = JSQMessagesViewController.h; sourceTree = "<group>"; };
		777873061D9C16A0006E9B6D /* Info.plist */ = {isa = PBXFileReference; lastKnownFileType = text.plist.xml; path = Info.plist; sourceTree = "<group>"; };
		777873C91D9C1870006E9B6D /* JSQMessagesAssets.bundle */ = {isa = PBXFileReference; lastKnownFileType = "wrapper.plug-in"; path = JSQMessagesAssets.bundle; sourceTree = "<group>"; };
		777873CB1D9C1870006E9B6D /* NSBundle+JSQMessages.h */ = {isa = PBXFileReference; fileEncoding = 4; lastKnownFileType = sourcecode.c.h; path = "NSBundle+JSQMessages.h"; sourceTree = "<group>"; };
		777873CC1D9C1870006E9B6D /* NSBundle+JSQMessages.m */ = {isa = PBXFileReference; fileEncoding = 4; lastKnownFileType = sourcecode.c.objc; path = "NSBundle+JSQMessages.m"; sourceTree = "<group>"; };
		777873CD1D9C1870006E9B6D /* NSString+JSQMessages.h */ = {isa = PBXFileReference; fileEncoding = 4; lastKnownFileType = sourcecode.c.h; path = "NSString+JSQMessages.h"; sourceTree = "<group>"; };
		777873CE1D9C1870006E9B6D /* NSString+JSQMessages.m */ = {isa = PBXFileReference; fileEncoding = 4; lastKnownFileType = sourcecode.c.objc; path = "NSString+JSQMessages.m"; sourceTree = "<group>"; };
		777873CF1D9C1870006E9B6D /* UIColor+JSQMessages.h */ = {isa = PBXFileReference; fileEncoding = 4; lastKnownFileType = sourcecode.c.h; path = "UIColor+JSQMessages.h"; sourceTree = "<group>"; };
		777873D01D9C1870006E9B6D /* UIColor+JSQMessages.m */ = {isa = PBXFileReference; fileEncoding = 4; lastKnownFileType = sourcecode.c.objc; path = "UIColor+JSQMessages.m"; sourceTree = "<group>"; };
		777873D11D9C1870006E9B6D /* UIImage+JSQMessages.h */ = {isa = PBXFileReference; fileEncoding = 4; lastKnownFileType = sourcecode.c.h; path = "UIImage+JSQMessages.h"; sourceTree = "<group>"; };
		777873D21D9C1870006E9B6D /* UIImage+JSQMessages.m */ = {isa = PBXFileReference; fileEncoding = 4; lastKnownFileType = sourcecode.c.objc; path = "UIImage+JSQMessages.m"; sourceTree = "<group>"; };
		777873D31D9C1870006E9B6D /* UIView+JSQMessages.h */ = {isa = PBXFileReference; fileEncoding = 4; lastKnownFileType = sourcecode.c.h; path = "UIView+JSQMessages.h"; sourceTree = "<group>"; };
		777873D41D9C1870006E9B6D /* UIView+JSQMessages.m */ = {isa = PBXFileReference; fileEncoding = 4; lastKnownFileType = sourcecode.c.objc; path = "UIView+JSQMessages.m"; sourceTree = "<group>"; };
		777873D61D9C1870006E9B6D /* JSQMessagesViewController.h */ = {isa = PBXFileReference; fileEncoding = 4; lastKnownFileType = sourcecode.c.h; path = JSQMessagesViewController.h; sourceTree = "<group>"; };
		777873D71D9C1870006E9B6D /* JSQMessagesViewController.m */ = {isa = PBXFileReference; fileEncoding = 4; lastKnownFileType = sourcecode.c.objc; path = JSQMessagesViewController.m; sourceTree = "<group>"; };
		777873D81D9C1870006E9B6D /* JSQMessagesViewController.xib */ = {isa = PBXFileReference; fileEncoding = 4; lastKnownFileType = file.xib; path = JSQMessagesViewController.xib; sourceTree = "<group>"; };
		777873DA1D9C1870006E9B6D /* JSQMessagesAvatarImageFactory.h */ = {isa = PBXFileReference; fileEncoding = 4; lastKnownFileType = sourcecode.c.h; path = JSQMessagesAvatarImageFactory.h; sourceTree = "<group>"; };
		777873DB1D9C1870006E9B6D /* JSQMessagesAvatarImageFactory.m */ = {isa = PBXFileReference; fileEncoding = 4; lastKnownFileType = sourcecode.c.objc; path = JSQMessagesAvatarImageFactory.m; sourceTree = "<group>"; };
		777873DC1D9C1870006E9B6D /* JSQMessagesBubbleImageFactory.h */ = {isa = PBXFileReference; fileEncoding = 4; lastKnownFileType = sourcecode.c.h; path = JSQMessagesBubbleImageFactory.h; sourceTree = "<group>"; };
		777873DD1D9C1870006E9B6D /* JSQMessagesBubbleImageFactory.m */ = {isa = PBXFileReference; fileEncoding = 4; lastKnownFileType = sourcecode.c.objc; path = JSQMessagesBubbleImageFactory.m; sourceTree = "<group>"; };
		777873DE1D9C1870006E9B6D /* JSQMessagesMediaViewBubbleImageMasker.h */ = {isa = PBXFileReference; fileEncoding = 4; lastKnownFileType = sourcecode.c.h; path = JSQMessagesMediaViewBubbleImageMasker.h; sourceTree = "<group>"; };
		777873DF1D9C1870006E9B6D /* JSQMessagesMediaViewBubbleImageMasker.m */ = {isa = PBXFileReference; fileEncoding = 4; lastKnownFileType = sourcecode.c.objc; path = JSQMessagesMediaViewBubbleImageMasker.m; sourceTree = "<group>"; };
		777873E01D9C1870006E9B6D /* JSQMessagesTimestampFormatter.h */ = {isa = PBXFileReference; fileEncoding = 4; lastKnownFileType = sourcecode.c.h; path = JSQMessagesTimestampFormatter.h; sourceTree = "<group>"; };
		777873E11D9C1870006E9B6D /* JSQMessagesTimestampFormatter.m */ = {isa = PBXFileReference; fileEncoding = 4; lastKnownFileType = sourcecode.c.objc; path = JSQMessagesTimestampFormatter.m; sourceTree = "<group>"; };
		777873E21D9C1870006E9B6D /* JSQMessagesToolbarButtonFactory.h */ = {isa = PBXFileReference; fileEncoding = 4; lastKnownFileType = sourcecode.c.h; path = JSQMessagesToolbarButtonFactory.h; sourceTree = "<group>"; };
		777873E31D9C1870006E9B6D /* JSQMessagesToolbarButtonFactory.m */ = {isa = PBXFileReference; fileEncoding = 4; lastKnownFileType = sourcecode.c.objc; path = JSQMessagesToolbarButtonFactory.m; sourceTree = "<group>"; };
		777873E51D9C1870006E9B6D /* JSQMessages.h */ = {isa = PBXFileReference; fileEncoding = 4; lastKnownFileType = sourcecode.c.h; path = JSQMessages.h; sourceTree = "<group>"; };
		777873E61D9C1870006E9B6D /* JSQAudioMediaViewAttributes.h */ = {isa = PBXFileReference; fileEncoding = 4; lastKnownFileType = sourcecode.c.h; path = JSQAudioMediaViewAttributes.h; sourceTree = "<group>"; };
		777873E71D9C1870006E9B6D /* JSQAudioMediaViewAttributes.m */ = {isa = PBXFileReference; fileEncoding = 4; lastKnownFileType = sourcecode.c.objc; path = JSQAudioMediaViewAttributes.m; sourceTree = "<group>"; };
		777873E81D9C1870006E9B6D /* JSQMessagesBubbleSizeCalculating.h */ = {isa = PBXFileReference; fileEncoding = 4; lastKnownFileType = sourcecode.c.h; path = JSQMessagesBubbleSizeCalculating.h; sourceTree = "<group>"; };
		777873E91D9C1870006E9B6D /* JSQMessagesBubblesSizeCalculator.h */ = {isa = PBXFileReference; fileEncoding = 4; lastKnownFileType = sourcecode.c.h; path = JSQMessagesBubblesSizeCalculator.h; sourceTree = "<group>"; };
		777873EA1D9C1870006E9B6D /* JSQMessagesBubblesSizeCalculator.m */ = {isa = PBXFileReference; fileEncoding = 4; lastKnownFileType = sourcecode.c.objc; path = JSQMessagesBubblesSizeCalculator.m; sourceTree = "<group>"; };
		777873EB1D9C1870006E9B6D /* JSQMessagesCollectionViewFlowLayout.h */ = {isa = PBXFileReference; fileEncoding = 4; lastKnownFileType = sourcecode.c.h; path = JSQMessagesCollectionViewFlowLayout.h; sourceTree = "<group>"; };
		777873EC1D9C1870006E9B6D /* JSQMessagesCollectionViewFlowLayout.m */ = {isa = PBXFileReference; fileEncoding = 4; lastKnownFileType = sourcecode.c.objc; path = JSQMessagesCollectionViewFlowLayout.m; sourceTree = "<group>"; };
		777873ED1D9C1870006E9B6D /* JSQMessagesCollectionViewFlowLayoutInvalidationContext.h */ = {isa = PBXFileReference; fileEncoding = 4; lastKnownFileType = sourcecode.c.h; path = JSQMessagesCollectionViewFlowLayoutInvalidationContext.h; sourceTree = "<group>"; };
		777873EE1D9C1870006E9B6D /* JSQMessagesCollectionViewFlowLayoutInvalidationContext.m */ = {isa = PBXFileReference; fileEncoding = 4; lastKnownFileType = sourcecode.c.objc; path = JSQMessagesCollectionViewFlowLayoutInvalidationContext.m; sourceTree = "<group>"; };
		777873EF1D9C1870006E9B6D /* JSQMessagesCollectionViewLayoutAttributes.h */ = {isa = PBXFileReference; fileEncoding = 4; lastKnownFileType = sourcecode.c.h; path = JSQMessagesCollectionViewLayoutAttributes.h; sourceTree = "<group>"; };
		777873F01D9C1870006E9B6D /* JSQMessagesCollectionViewLayoutAttributes.m */ = {isa = PBXFileReference; fileEncoding = 4; lastKnownFileType = sourcecode.c.objc; path = JSQMessagesCollectionViewLayoutAttributes.m; sourceTree = "<group>"; };
		777873F21D9C1870006E9B6D /* JSQAudioMediaItem.h */ = {isa = PBXFileReference; fileEncoding = 4; lastKnownFileType = sourcecode.c.h; path = JSQAudioMediaItem.h; sourceTree = "<group>"; };
		777873F31D9C1870006E9B6D /* JSQAudioMediaItem.m */ = {isa = PBXFileReference; fileEncoding = 4; lastKnownFileType = sourcecode.c.objc; path = JSQAudioMediaItem.m; sourceTree = "<group>"; };
		777873F41D9C1870006E9B6D /* JSQLocationMediaItem.h */ = {isa = PBXFileReference; fileEncoding = 4; lastKnownFileType = sourcecode.c.h; path = JSQLocationMediaItem.h; sourceTree = "<group>"; };
		777873F51D9C1870006E9B6D /* JSQLocationMediaItem.m */ = {isa = PBXFileReference; fileEncoding = 4; lastKnownFileType = sourcecode.c.objc; path = JSQLocationMediaItem.m; sourceTree = "<group>"; };
		777873F61D9C1870006E9B6D /* JSQMediaItem.h */ = {isa = PBXFileReference; fileEncoding = 4; lastKnownFileType = sourcecode.c.h; path = JSQMediaItem.h; sourceTree = "<group>"; };
		777873F71D9C1870006E9B6D /* JSQMediaItem.m */ = {isa = PBXFileReference; fileEncoding = 4; lastKnownFileType = sourcecode.c.objc; path = JSQMediaItem.m; sourceTree = "<group>"; };
		777873F81D9C1870006E9B6D /* JSQMessage.h */ = {isa = PBXFileReference; fileEncoding = 4; lastKnownFileType = sourcecode.c.h; path = JSQMessage.h; sourceTree = "<group>"; };
		777873F91D9C1870006E9B6D /* JSQMessage.m */ = {isa = PBXFileReference; fileEncoding = 4; lastKnownFileType = sourcecode.c.objc; path = JSQMessage.m; sourceTree = "<group>"; };
		777873FA1D9C1870006E9B6D /* JSQMessageAvatarImageDataSource.h */ = {isa = PBXFileReference; fileEncoding = 4; lastKnownFileType = sourcecode.c.h; path = JSQMessageAvatarImageDataSource.h; sourceTree = "<group>"; };
		777873FB1D9C1870006E9B6D /* JSQMessageBubbleImageDataSource.h */ = {isa = PBXFileReference; fileEncoding = 4; lastKnownFileType = sourcecode.c.h; path = JSQMessageBubbleImageDataSource.h; sourceTree = "<group>"; };
		777873FC1D9C1870006E9B6D /* JSQMessageData.h */ = {isa = PBXFileReference; fileEncoding = 4; lastKnownFileType = sourcecode.c.h; path = JSQMessageData.h; sourceTree = "<group>"; };
		777873FD1D9C1870006E9B6D /* JSQMessageMediaData.h */ = {isa = PBXFileReference; fileEncoding = 4; lastKnownFileType = sourcecode.c.h; path = JSQMessageMediaData.h; sourceTree = "<group>"; };
		777873FE1D9C1870006E9B6D /* JSQMessagesAvatarImage.h */ = {isa = PBXFileReference; fileEncoding = 4; lastKnownFileType = sourcecode.c.h; path = JSQMessagesAvatarImage.h; sourceTree = "<group>"; };
		777873FF1D9C1870006E9B6D /* JSQMessagesAvatarImage.m */ = {isa = PBXFileReference; fileEncoding = 4; lastKnownFileType = sourcecode.c.objc; path = JSQMessagesAvatarImage.m; sourceTree = "<group>"; };
		777874001D9C1870006E9B6D /* JSQMessagesBubbleImage.h */ = {isa = PBXFileReference; fileEncoding = 4; lastKnownFileType = sourcecode.c.h; path = JSQMessagesBubbleImage.h; sourceTree = "<group>"; };
		777874011D9C1870006E9B6D /* JSQMessagesBubbleImage.m */ = {isa = PBXFileReference; fileEncoding = 4; lastKnownFileType = sourcecode.c.objc; path = JSQMessagesBubbleImage.m; sourceTree = "<group>"; };
		777874021D9C1870006E9B6D /* JSQMessagesCollectionViewDataSource.h */ = {isa = PBXFileReference; fileEncoding = 4; lastKnownFileType = sourcecode.c.h; path = JSQMessagesCollectionViewDataSource.h; sourceTree = "<group>"; };
		777874031D9C1870006E9B6D /* JSQMessagesCollectionViewDelegateFlowLayout.h */ = {isa = PBXFileReference; fileEncoding = 4; lastKnownFileType = sourcecode.c.h; path = JSQMessagesCollectionViewDelegateFlowLayout.h; sourceTree = "<group>"; };
		777874041D9C1870006E9B6D /* JSQPhotoMediaItem.h */ = {isa = PBXFileReference; fileEncoding = 4; lastKnownFileType = sourcecode.c.h; path = JSQPhotoMediaItem.h; sourceTree = "<group>"; };
		777874051D9C1870006E9B6D /* JSQPhotoMediaItem.m */ = {isa = PBXFileReference; fileEncoding = 4; lastKnownFileType = sourcecode.c.objc; path = JSQPhotoMediaItem.m; sourceTree = "<group>"; };
		777874061D9C1870006E9B6D /* JSQVideoMediaItem.h */ = {isa = PBXFileReference; fileEncoding = 4; lastKnownFileType = sourcecode.c.h; path = JSQVideoMediaItem.h; sourceTree = "<group>"; };
		777874071D9C1870006E9B6D /* JSQVideoMediaItem.m */ = {isa = PBXFileReference; fileEncoding = 4; lastKnownFileType = sourcecode.c.objc; path = JSQVideoMediaItem.m; sourceTree = "<group>"; };
		777874081D9C1870006E9B6D /* JSQMessagesViewAccessoryButtonDelegate.h */ = {isa = PBXFileReference; fileEncoding = 4; lastKnownFileType = sourcecode.c.h; path = JSQMessagesViewAccessoryButtonDelegate.h; sourceTree = "<group>"; };
		7778740A1D9C1870006E9B6D /* JSQMessagesCellTextView.h */ = {isa = PBXFileReference; fileEncoding = 4; lastKnownFileType = sourcecode.c.h; path = JSQMessagesCellTextView.h; sourceTree = "<group>"; };
		7778740B1D9C1870006E9B6D /* JSQMessagesCellTextView.m */ = {isa = PBXFileReference; fileEncoding = 4; lastKnownFileType = sourcecode.c.objc; path = JSQMessagesCellTextView.m; sourceTree = "<group>"; };
		7778740C1D9C1870006E9B6D /* JSQMessagesCollectionView.h */ = {isa = PBXFileReference; fileEncoding = 4; lastKnownFileType = sourcecode.c.h; path = JSQMessagesCollectionView.h; sourceTree = "<group>"; };
		7778740D1D9C1870006E9B6D /* JSQMessagesCollectionView.m */ = {isa = PBXFileReference; fileEncoding = 4; lastKnownFileType = sourcecode.c.objc; path = JSQMessagesCollectionView.m; sourceTree = "<group>"; };
		7778740E1D9C1870006E9B6D /* JSQMessagesCollectionViewCell.h */ = {isa = PBXFileReference; fileEncoding = 4; lastKnownFileType = sourcecode.c.h; path = JSQMessagesCollectionViewCell.h; sourceTree = "<group>"; };
		7778740F1D9C1870006E9B6D /* JSQMessagesCollectionViewCell.m */ = {isa = PBXFileReference; fileEncoding = 4; lastKnownFileType = sourcecode.c.objc; path = JSQMessagesCollectionViewCell.m; sourceTree = "<group>"; };
		777874101D9C1870006E9B6D /* JSQMessagesCollectionViewCellIncoming.h */ = {isa = PBXFileReference; fileEncoding = 4; lastKnownFileType = sourcecode.c.h; path = JSQMessagesCollectionViewCellIncoming.h; sourceTree = "<group>"; };
		777874111D9C1870006E9B6D /* JSQMessagesCollectionViewCellIncoming.m */ = {isa = PBXFileReference; fileEncoding = 4; lastKnownFileType = sourcecode.c.objc; path = JSQMessagesCollectionViewCellIncoming.m; sourceTree = "<group>"; };
		777874121D9C1870006E9B6D /* JSQMessagesCollectionViewCellIncoming.xib */ = {isa = PBXFileReference; fileEncoding = 4; lastKnownFileType = file.xib; path = JSQMessagesCollectionViewCellIncoming.xib; sourceTree = "<group>"; };
		777874131D9C1870006E9B6D /* JSQMessagesCollectionViewCellOutgoing.h */ = {isa = PBXFileReference; fileEncoding = 4; lastKnownFileType = sourcecode.c.h; path = JSQMessagesCollectionViewCellOutgoing.h; sourceTree = "<group>"; };
		777874141D9C1870006E9B6D /* JSQMessagesCollectionViewCellOutgoing.m */ = {isa = PBXFileReference; fileEncoding = 4; lastKnownFileType = sourcecode.c.objc; path = JSQMessagesCollectionViewCellOutgoing.m; sourceTree = "<group>"; };
		777874151D9C1870006E9B6D /* JSQMessagesCollectionViewCellOutgoing.xib */ = {isa = PBXFileReference; fileEncoding = 4; lastKnownFileType = file.xib; path = JSQMessagesCollectionViewCellOutgoing.xib; sourceTree = "<group>"; };
		777874161D9C1870006E9B6D /* JSQMessagesComposerTextView.h */ = {isa = PBXFileReference; fileEncoding = 4; lastKnownFileType = sourcecode.c.h; path = JSQMessagesComposerTextView.h; sourceTree = "<group>"; };
		777874171D9C1870006E9B6D /* JSQMessagesComposerTextView.m */ = {isa = PBXFileReference; fileEncoding = 4; lastKnownFileType = sourcecode.c.objc; path = JSQMessagesComposerTextView.m; sourceTree = "<group>"; };
		777874181D9C1870006E9B6D /* JSQMessagesInputToolbar.h */ = {isa = PBXFileReference; fileEncoding = 4; lastKnownFileType = sourcecode.c.h; path = JSQMessagesInputToolbar.h; sourceTree = "<group>"; };
		777874191D9C1870006E9B6D /* JSQMessagesInputToolbar.m */ = {isa = PBXFileReference; fileEncoding = 4; lastKnownFileType = sourcecode.c.objc; path = JSQMessagesInputToolbar.m; sourceTree = "<group>"; };
		7778741A1D9C1870006E9B6D /* JSQMessagesLabel.h */ = {isa = PBXFileReference; fileEncoding = 4; lastKnownFileType = sourcecode.c.h; path = JSQMessagesLabel.h; sourceTree = "<group>"; };
		7778741B1D9C1870006E9B6D /* JSQMessagesLabel.m */ = {isa = PBXFileReference; fileEncoding = 4; lastKnownFileType = sourcecode.c.objc; path = JSQMessagesLabel.m; sourceTree = "<group>"; };
		7778741C1D9C1870006E9B6D /* JSQMessagesLoadEarlierHeaderView.h */ = {isa = PBXFileReference; fileEncoding = 4; lastKnownFileType = sourcecode.c.h; path = JSQMessagesLoadEarlierHeaderView.h; sourceTree = "<group>"; };
		7778741D1D9C1870006E9B6D /* JSQMessagesLoadEarlierHeaderView.m */ = {isa = PBXFileReference; fileEncoding = 4; lastKnownFileType = sourcecode.c.objc; path = JSQMessagesLoadEarlierHeaderView.m; sourceTree = "<group>"; };
		7778741E1D9C1870006E9B6D /* JSQMessagesLoadEarlierHeaderView.xib */ = {isa = PBXFileReference; fileEncoding = 4; lastKnownFileType = file.xib; path = JSQMessagesLoadEarlierHeaderView.xib; sourceTree = "<group>"; };
		7778741F1D9C1870006E9B6D /* JSQMessagesMediaPlaceholderView.h */ = {isa = PBXFileReference; fileEncoding = 4; lastKnownFileType = sourcecode.c.h; path = JSQMessagesMediaPlaceholderView.h; sourceTree = "<group>"; };
		777874201D9C1870006E9B6D /* JSQMessagesMediaPlaceholderView.m */ = {isa = PBXFileReference; fileEncoding = 4; lastKnownFileType = sourcecode.c.objc; path = JSQMessagesMediaPlaceholderView.m; sourceTree = "<group>"; };
		777874211D9C1870006E9B6D /* JSQMessagesToolbarContentView.h */ = {isa = PBXFileReference; fileEncoding = 4; lastKnownFileType = sourcecode.c.h; path = JSQMessagesToolbarContentView.h; sourceTree = "<group>"; };
		777874221D9C1870006E9B6D /* JSQMessagesToolbarContentView.m */ = {isa = PBXFileReference; fileEncoding = 4; lastKnownFileType = sourcecode.c.objc; path = JSQMessagesToolbarContentView.m; sourceTree = "<group>"; };
		777874231D9C1870006E9B6D /* JSQMessagesToolbarContentView.xib */ = {isa = PBXFileReference; fileEncoding = 4; lastKnownFileType = file.xib; path = JSQMessagesToolbarContentView.xib; sourceTree = "<group>"; };
		777874241D9C1870006E9B6D /* JSQMessagesTypingIndicatorFooterView.h */ = {isa = PBXFileReference; fileEncoding = 4; lastKnownFileType = sourcecode.c.h; path = JSQMessagesTypingIndicatorFooterView.h; sourceTree = "<group>"; };
		777874251D9C1870006E9B6D /* JSQMessagesTypingIndicatorFooterView.m */ = {isa = PBXFileReference; fileEncoding = 4; lastKnownFileType = sourcecode.c.objc; path = JSQMessagesTypingIndicatorFooterView.m; sourceTree = "<group>"; };
		777874261D9C1870006E9B6D /* JSQMessagesTypingIndicatorFooterView.xib */ = {isa = PBXFileReference; fileEncoding = 4; lastKnownFileType = file.xib; path = JSQMessagesTypingIndicatorFooterView.xib; sourceTree = "<group>"; };
		777874271D9C1870006E9B6D /* JSQMessagesTypingView.h */ = {isa = PBXFileReference; fileEncoding = 4; lastKnownFileType = sourcecode.c.h; path = JSQMessagesTypingView.h; sourceTree = "<group>"; };
		777874281D9C1870006E9B6D /* JSQMessagesTypingView.m */ = {isa = PBXFileReference; fileEncoding = 4; lastKnownFileType = sourcecode.c.objc; path = JSQMessagesTypingView.m; sourceTree = "<group>"; };
/* End PBXFileReference section */

/* Begin PBXFrameworksBuildPhase section */
		777872FE1D9C16A0006E9B6D /* Frameworks */ = {
			isa = PBXFrameworksBuildPhase;
			buildActionMask = 2147483647;
			files = (
			);
			runOnlyForDeploymentPostprocessing = 0;
		};
/* End PBXFrameworksBuildPhase section */

/* Begin PBXGroup section */
		777872F81D9C16A0006E9B6D = {
			isa = PBXGroup;
			children = (
				7778742A1D9C1870006E9B6D /* JSQMessagesViewController */,
				777873041D9C16A0006E9B6D /* JSQMessagesFramework */,
				777873031D9C16A0006E9B6D /* Products */,
			);
			sourceTree = "<group>";
		};
		777873031D9C16A0006E9B6D /* Products */ = {
			isa = PBXGroup;
			children = (
				777873021D9C16A0006E9B6D /* JSQMessagesViewController.framework */,
			);
			name = Products;
			sourceTree = "<group>";
		};
		777873041D9C16A0006E9B6D /* JSQMessagesFramework */ = {
			isa = PBXGroup;
			children = (
				777873051D9C16A0006E9B6D /* JSQMessagesViewController.h */,
				777873061D9C16A0006E9B6D /* Info.plist */,
			);
			name = JSQMessagesFramework;
			path = JSQMessagesFramework/JSQMessagesFramework;
			sourceTree = "<group>";
		};
		777873CA1D9C1870006E9B6D /* Assets */ = {
			isa = PBXGroup;
			children = (
				777873C91D9C1870006E9B6D /* JSQMessagesAssets.bundle */,
			);
			path = Assets;
			sourceTree = "<group>";
		};
		777873D51D9C1870006E9B6D /* Categories */ = {
			isa = PBXGroup;
			children = (
				777873CB1D9C1870006E9B6D /* NSBundle+JSQMessages.h */,
				777873CC1D9C1870006E9B6D /* NSBundle+JSQMessages.m */,
				777873CD1D9C1870006E9B6D /* NSString+JSQMessages.h */,
				777873CE1D9C1870006E9B6D /* NSString+JSQMessages.m */,
				777873CF1D9C1870006E9B6D /* UIColor+JSQMessages.h */,
				777873D01D9C1870006E9B6D /* UIColor+JSQMessages.m */,
				777873D11D9C1870006E9B6D /* UIImage+JSQMessages.h */,
				777873D21D9C1870006E9B6D /* UIImage+JSQMessages.m */,
				777873D31D9C1870006E9B6D /* UIView+JSQMessages.h */,
				777873D41D9C1870006E9B6D /* UIView+JSQMessages.m */,
			);
			path = Categories;
			sourceTree = "<group>";
		};
		777873D91D9C1870006E9B6D /* Controllers */ = {
			isa = PBXGroup;
			children = (
				777873D61D9C1870006E9B6D /* JSQMessagesViewController.h */,
				777873D71D9C1870006E9B6D /* JSQMessagesViewController.m */,
				777873D81D9C1870006E9B6D /* JSQMessagesViewController.xib */,
			);
			path = Controllers;
			sourceTree = "<group>";
		};
		777873E41D9C1870006E9B6D /* Factories */ = {
			isa = PBXGroup;
			children = (
				777873DA1D9C1870006E9B6D /* JSQMessagesAvatarImageFactory.h */,
				777873DB1D9C1870006E9B6D /* JSQMessagesAvatarImageFactory.m */,
				777873DC1D9C1870006E9B6D /* JSQMessagesBubbleImageFactory.h */,
				777873DD1D9C1870006E9B6D /* JSQMessagesBubbleImageFactory.m */,
				777873DE1D9C1870006E9B6D /* JSQMessagesMediaViewBubbleImageMasker.h */,
				777873DF1D9C1870006E9B6D /* JSQMessagesMediaViewBubbleImageMasker.m */,
				777873E01D9C1870006E9B6D /* JSQMessagesTimestampFormatter.h */,
				777873E11D9C1870006E9B6D /* JSQMessagesTimestampFormatter.m */,
				777873E21D9C1870006E9B6D /* JSQMessagesToolbarButtonFactory.h */,
				777873E31D9C1870006E9B6D /* JSQMessagesToolbarButtonFactory.m */,
			);
			path = Factories;
			sourceTree = "<group>";
		};
		777873F11D9C1870006E9B6D /* Layout */ = {
			isa = PBXGroup;
			children = (
				777873E61D9C1870006E9B6D /* JSQAudioMediaViewAttributes.h */,
				777873E71D9C1870006E9B6D /* JSQAudioMediaViewAttributes.m */,
				777873E81D9C1870006E9B6D /* JSQMessagesBubbleSizeCalculating.h */,
				777873E91D9C1870006E9B6D /* JSQMessagesBubblesSizeCalculator.h */,
				777873EA1D9C1870006E9B6D /* JSQMessagesBubblesSizeCalculator.m */,
				777873EB1D9C1870006E9B6D /* JSQMessagesCollectionViewFlowLayout.h */,
				777873EC1D9C1870006E9B6D /* JSQMessagesCollectionViewFlowLayout.m */,
				777873ED1D9C1870006E9B6D /* JSQMessagesCollectionViewFlowLayoutInvalidationContext.h */,
				777873EE1D9C1870006E9B6D /* JSQMessagesCollectionViewFlowLayoutInvalidationContext.m */,
				777873EF1D9C1870006E9B6D /* JSQMessagesCollectionViewLayoutAttributes.h */,
				777873F01D9C1870006E9B6D /* JSQMessagesCollectionViewLayoutAttributes.m */,
			);
			path = Layout;
			sourceTree = "<group>";
		};
		777874091D9C1870006E9B6D /* Model */ = {
			isa = PBXGroup;
			children = (
				777873F21D9C1870006E9B6D /* JSQAudioMediaItem.h */,
				777873F31D9C1870006E9B6D /* JSQAudioMediaItem.m */,
				777873F41D9C1870006E9B6D /* JSQLocationMediaItem.h */,
				777873F51D9C1870006E9B6D /* JSQLocationMediaItem.m */,
				777873F61D9C1870006E9B6D /* JSQMediaItem.h */,
				777873F71D9C1870006E9B6D /* JSQMediaItem.m */,
				777873F81D9C1870006E9B6D /* JSQMessage.h */,
				777873F91D9C1870006E9B6D /* JSQMessage.m */,
				777873FA1D9C1870006E9B6D /* JSQMessageAvatarImageDataSource.h */,
				777873FB1D9C1870006E9B6D /* JSQMessageBubbleImageDataSource.h */,
				777873FC1D9C1870006E9B6D /* JSQMessageData.h */,
				777873FD1D9C1870006E9B6D /* JSQMessageMediaData.h */,
				777873FE1D9C1870006E9B6D /* JSQMessagesAvatarImage.h */,
				777873FF1D9C1870006E9B6D /* JSQMessagesAvatarImage.m */,
				777874001D9C1870006E9B6D /* JSQMessagesBubbleImage.h */,
				777874011D9C1870006E9B6D /* JSQMessagesBubbleImage.m */,
				777874021D9C1870006E9B6D /* JSQMessagesCollectionViewDataSource.h */,
				777874031D9C1870006E9B6D /* JSQMessagesCollectionViewDelegateFlowLayout.h */,
				777874041D9C1870006E9B6D /* JSQPhotoMediaItem.h */,
				777874051D9C1870006E9B6D /* JSQPhotoMediaItem.m */,
				777874061D9C1870006E9B6D /* JSQVideoMediaItem.h */,
				777874071D9C1870006E9B6D /* JSQVideoMediaItem.m */,
				777874081D9C1870006E9B6D /* JSQMessagesViewAccessoryButtonDelegate.h */,
			);
			path = Model;
			sourceTree = "<group>";
		};
		777874291D9C1870006E9B6D /* Views */ = {
			isa = PBXGroup;
			children = (
				7778740A1D9C1870006E9B6D /* JSQMessagesCellTextView.h */,
				7778740B1D9C1870006E9B6D /* JSQMessagesCellTextView.m */,
				7778740C1D9C1870006E9B6D /* JSQMessagesCollectionView.h */,
				7778740D1D9C1870006E9B6D /* JSQMessagesCollectionView.m */,
				7778740E1D9C1870006E9B6D /* JSQMessagesCollectionViewCell.h */,
				7778740F1D9C1870006E9B6D /* JSQMessagesCollectionViewCell.m */,
				777874101D9C1870006E9B6D /* JSQMessagesCollectionViewCellIncoming.h */,
				777874111D9C1870006E9B6D /* JSQMessagesCollectionViewCellIncoming.m */,
				777874121D9C1870006E9B6D /* JSQMessagesCollectionViewCellIncoming.xib */,
				777874131D9C1870006E9B6D /* JSQMessagesCollectionViewCellOutgoing.h */,
				777874141D9C1870006E9B6D /* JSQMessagesCollectionViewCellOutgoing.m */,
				777874151D9C1870006E9B6D /* JSQMessagesCollectionViewCellOutgoing.xib */,
				777874161D9C1870006E9B6D /* JSQMessagesComposerTextView.h */,
				777874171D9C1870006E9B6D /* JSQMessagesComposerTextView.m */,
				777874181D9C1870006E9B6D /* JSQMessagesInputToolbar.h */,
				777874191D9C1870006E9B6D /* JSQMessagesInputToolbar.m */,
				7778741A1D9C1870006E9B6D /* JSQMessagesLabel.h */,
				7778741B1D9C1870006E9B6D /* JSQMessagesLabel.m */,
				7778741C1D9C1870006E9B6D /* JSQMessagesLoadEarlierHeaderView.h */,
				7778741D1D9C1870006E9B6D /* JSQMessagesLoadEarlierHeaderView.m */,
				7778741E1D9C1870006E9B6D /* JSQMessagesLoadEarlierHeaderView.xib */,
				7778741F1D9C1870006E9B6D /* JSQMessagesMediaPlaceholderView.h */,
				777874201D9C1870006E9B6D /* JSQMessagesMediaPlaceholderView.m */,
				777874211D9C1870006E9B6D /* JSQMessagesToolbarContentView.h */,
				777874221D9C1870006E9B6D /* JSQMessagesToolbarContentView.m */,
				777874231D9C1870006E9B6D /* JSQMessagesToolbarContentView.xib */,
				777874241D9C1870006E9B6D /* JSQMessagesTypingIndicatorFooterView.h */,
				777874251D9C1870006E9B6D /* JSQMessagesTypingIndicatorFooterView.m */,
				777874261D9C1870006E9B6D /* JSQMessagesTypingIndicatorFooterView.xib */,
				777874271D9C1870006E9B6D /* JSQMessagesTypingView.h */,
				777874281D9C1870006E9B6D /* JSQMessagesTypingView.m */,
			);
			path = Views;
			sourceTree = "<group>";
		};
		7778742A1D9C1870006E9B6D /* JSQMessagesViewController */ = {
			isa = PBXGroup;
			children = (
				777873CA1D9C1870006E9B6D /* Assets */,
				777873D51D9C1870006E9B6D /* Categories */,
				777873D91D9C1870006E9B6D /* Controllers */,
				777873E41D9C1870006E9B6D /* Factories */,
				777873E51D9C1870006E9B6D /* JSQMessages.h */,
				777873F11D9C1870006E9B6D /* Layout */,
				777874091D9C1870006E9B6D /* Model */,
				777874291D9C1870006E9B6D /* Views */,
			);
			path = JSQMessagesViewController;
			sourceTree = "<group>";
		};
/* End PBXGroup section */

/* Begin PBXHeadersBuildPhase section */
		777872FF1D9C16A0006E9B6D /* Headers */ = {
			isa = PBXHeadersBuildPhase;
			buildActionMask = 2147483647;
			files = (
				777874781D9C1870006E9B6D /* JSQMessagesLoadEarlierHeaderView.h in Headers */,
				777874461D9C1870006E9B6D /* JSQMessagesBubbleSizeCalculating.h in Headers */,
				777874721D9C1870006E9B6D /* JSQMessagesComposerTextView.h in Headers */,
				777874411D9C1870006E9B6D /* JSQMessagesToolbarButtonFactory.h in Headers */,
				777874441D9C1870006E9B6D /* JSQAudioMediaViewAttributes.h in Headers */,
				7778747B1D9C1870006E9B6D /* JSQMessagesMediaPlaceholderView.h in Headers */,
				7778745F1D9C1870006E9B6D /* JSQMessagesCollectionViewDataSource.h in Headers */,
				7778747D1D9C1870006E9B6D /* JSQMessagesToolbarContentView.h in Headers */,
				7778746F1D9C1870006E9B6D /* JSQMessagesCollectionViewCellOutgoing.h in Headers */,
				7778742C1D9C1870006E9B6D /* NSBundle+JSQMessages.h in Headers */,
				777874301D9C1870006E9B6D /* UIColor+JSQMessages.h in Headers */,
				777874831D9C1870006E9B6D /* JSQMessagesTypingView.h in Headers */,
				777874531D9C1870006E9B6D /* JSQMediaItem.h in Headers */,
				7778745B1D9C1870006E9B6D /* JSQMessagesAvatarImage.h in Headers */,
				777874651D9C1870006E9B6D /* JSQMessagesViewAccessoryButtonDelegate.h in Headers */,
				7778744D1D9C1870006E9B6D /* JSQMessagesCollectionViewLayoutAttributes.h in Headers */,
				7778743D1D9C1870006E9B6D /* JSQMessagesMediaViewBubbleImageMasker.h in Headers */,
				777874581D9C1870006E9B6D /* JSQMessageBubbleImageDataSource.h in Headers */,
				777874591D9C1870006E9B6D /* JSQMessageData.h in Headers */,
				7778742E1D9C1870006E9B6D /* NSString+JSQMessages.h in Headers */,
				777874511D9C1870006E9B6D /* JSQLocationMediaItem.h in Headers */,
				777874491D9C1870006E9B6D /* JSQMessagesCollectionViewFlowLayout.h in Headers */,
				7778744B1D9C1870006E9B6D /* JSQMessagesCollectionViewFlowLayoutInvalidationContext.h in Headers */,
				777874801D9C1870006E9B6D /* JSQMessagesTypingIndicatorFooterView.h in Headers */,
				777874611D9C1870006E9B6D /* JSQPhotoMediaItem.h in Headers */,
				7778743F1D9C1870006E9B6D /* JSQMessagesTimestampFormatter.h in Headers */,
				777874571D9C1870006E9B6D /* JSQMessageAvatarImageDataSource.h in Headers */,
				777874431D9C1870006E9B6D /* JSQMessages.h in Headers */,
				777874741D9C1870006E9B6D /* JSQMessagesInputToolbar.h in Headers */,
				777874761D9C1870006E9B6D /* JSQMessagesLabel.h in Headers */,
				7778746A1D9C1870006E9B6D /* JSQMessagesCollectionViewCell.h in Headers */,
				777874321D9C1870006E9B6D /* UIImage+JSQMessages.h in Headers */,
				777874631D9C1870006E9B6D /* JSQVideoMediaItem.h in Headers */,
				777874471D9C1870006E9B6D /* JSQMessagesBubblesSizeCalculator.h in Headers */,
				7778745D1D9C1870006E9B6D /* JSQMessagesBubbleImage.h in Headers */,
				777874341D9C1870006E9B6D /* UIView+JSQMessages.h in Headers */,
				777874391D9C1870006E9B6D /* JSQMessagesAvatarImageFactory.h in Headers */,
				777874661D9C1870006E9B6D /* JSQMessagesCellTextView.h in Headers */,
				7778744F1D9C1870006E9B6D /* JSQAudioMediaItem.h in Headers */,
				7778746C1D9C1870006E9B6D /* JSQMessagesCollectionViewCellIncoming.h in Headers */,
				7778745A1D9C1870006E9B6D /* JSQMessageMediaData.h in Headers */,
				777874681D9C1870006E9B6D /* JSQMessagesCollectionView.h in Headers */,
				777874361D9C1870006E9B6D /* JSQMessagesViewController.h in Headers */,
				7778743B1D9C1870006E9B6D /* JSQMessagesBubbleImageFactory.h in Headers */,
				777874551D9C1870006E9B6D /* JSQMessage.h in Headers */,
				777874601D9C1870006E9B6D /* JSQMessagesCollectionViewDelegateFlowLayout.h in Headers */,
				777873071D9C16A0006E9B6D /* JSQMessagesViewController.h in Headers */,
			);
			runOnlyForDeploymentPostprocessing = 0;
		};
/* End PBXHeadersBuildPhase section */

/* Begin PBXNativeTarget section */
		777873011D9C16A0006E9B6D /* JSQMessagesViewController */ = {
			isa = PBXNativeTarget;
			buildConfigurationList = 7778730A1D9C16A0006E9B6D /* Build configuration list for PBXNativeTarget "JSQMessagesViewController" */;
			buildPhases = (
				777872FD1D9C16A0006E9B6D /* Sources */,
				777872FE1D9C16A0006E9B6D /* Frameworks */,
				777872FF1D9C16A0006E9B6D /* Headers */,
				777873001D9C16A0006E9B6D /* Resources */,
			);
			buildRules = (
			);
			dependencies = (
			);
			name = JSQMessagesViewController;
			productName = JSQMessagesFramework;
			productReference = 777873021D9C16A0006E9B6D /* JSQMessagesViewController.framework */;
			productType = "com.apple.product-type.framework";
		};
/* End PBXNativeTarget section */

/* Begin PBXProject section */
		777872F91D9C16A0006E9B6D /* Project object */ = {
			isa = PBXProject;
			attributes = {
				LastUpgradeCheck = 0800;
				ORGANIZATIONNAME = "Alex Drozhak";
				TargetAttributes = {
					777873011D9C16A0006E9B6D = {
						CreatedOnToolsVersion = 8.0;
						ProvisioningStyle = Automatic;
					};
				};
			};
			buildConfigurationList = 777872FC1D9C16A0006E9B6D /* Build configuration list for PBXProject "JSQMessagesViewController" */;
			compatibilityVersion = "Xcode 3.2";
			developmentRegion = English;
			hasScannedForEncodings = 0;
			knownRegions = (
				en,
			);
			mainGroup = 777872F81D9C16A0006E9B6D;
			productRefGroup = 777873031D9C16A0006E9B6D /* Products */;
			projectDirPath = "";
			projectRoot = "";
			targets = (
				777873011D9C16A0006E9B6D /* JSQMessagesViewController */,
			);
		};
/* End PBXProject section */

/* Begin PBXResourcesBuildPhase section */
		777873001D9C16A0006E9B6D /* Resources */ = {
			isa = PBXResourcesBuildPhase;
			buildActionMask = 2147483647;
			files = (
				7778742B1D9C1870006E9B6D /* JSQMessagesAssets.bundle in Resources */,
				777874821D9C1870006E9B6D /* JSQMessagesTypingIndicatorFooterView.xib in Resources */,
				777874381D9C1870006E9B6D /* JSQMessagesViewController.xib in Resources */,
				7778746E1D9C1870006E9B6D /* JSQMessagesCollectionViewCellIncoming.xib in Resources */,
				7778747A1D9C1870006E9B6D /* JSQMessagesLoadEarlierHeaderView.xib in Resources */,
				777874711D9C1870006E9B6D /* JSQMessagesCollectionViewCellOutgoing.xib in Resources */,
				7778747F1D9C1870006E9B6D /* JSQMessagesToolbarContentView.xib in Resources */,
			);
			runOnlyForDeploymentPostprocessing = 0;
		};
/* End PBXResourcesBuildPhase section */

/* Begin PBXSourcesBuildPhase section */
		777872FD1D9C16A0006E9B6D /* Sources */ = {
			isa = PBXSourcesBuildPhase;
			buildActionMask = 2147483647;
			files = (
				7778742F1D9C1870006E9B6D /* NSString+JSQMessages.m in Sources */,
				777874481D9C1870006E9B6D /* JSQMessagesBubblesSizeCalculator.m in Sources */,
				777874621D9C1870006E9B6D /* JSQPhotoMediaItem.m in Sources */,
				777874561D9C1870006E9B6D /* JSQMessage.m in Sources */,
				7778743E1D9C1870006E9B6D /* JSQMessagesMediaViewBubbleImageMasker.m in Sources */,
				7778744C1D9C1870006E9B6D /* JSQMessagesCollectionViewFlowLayoutInvalidationContext.m in Sources */,
				777874731D9C1870006E9B6D /* JSQMessagesComposerTextView.m in Sources */,
				777874401D9C1870006E9B6D /* JSQMessagesTimestampFormatter.m in Sources */,
				777874371D9C1870006E9B6D /* JSQMessagesViewController.m in Sources */,
				777874311D9C1870006E9B6D /* UIColor+JSQMessages.m in Sources */,
				777874691D9C1870006E9B6D /* JSQMessagesCollectionView.m in Sources */,
				7778743A1D9C1870006E9B6D /* JSQMessagesAvatarImageFactory.m in Sources */,
				7778746D1D9C1870006E9B6D /* JSQMessagesCollectionViewCellIncoming.m in Sources */,
				777874811D9C1870006E9B6D /* JSQMessagesTypingIndicatorFooterView.m in Sources */,
				7778744E1D9C1870006E9B6D /* JSQMessagesCollectionViewLayoutAttributes.m in Sources */,
				777874701D9C1870006E9B6D /* JSQMessagesCollectionViewCellOutgoing.m in Sources */,
				777874521D9C1870006E9B6D /* JSQLocationMediaItem.m in Sources */,
				777874501D9C1870006E9B6D /* JSQAudioMediaItem.m in Sources */,
				777874331D9C1870006E9B6D /* UIImage+JSQMessages.m in Sources */,
				777874841D9C1870006E9B6D /* JSQMessagesTypingView.m in Sources */,
				7778747C1D9C1870006E9B6D /* JSQMessagesMediaPlaceholderView.m in Sources */,
				777874751D9C1870006E9B6D /* JSQMessagesInputToolbar.m in Sources */,
				777874771D9C1870006E9B6D /* JSQMessagesLabel.m in Sources */,
				777874351D9C1870006E9B6D /* UIView+JSQMessages.m in Sources */,
				7778742D1D9C1870006E9B6D /* NSBundle+JSQMessages.m in Sources */,
				7778746B1D9C1870006E9B6D /* JSQMessagesCollectionViewCell.m in Sources */,
				7778743C1D9C1870006E9B6D /* JSQMessagesBubbleImageFactory.m in Sources */,
				7778745C1D9C1870006E9B6D /* JSQMessagesAvatarImage.m in Sources */,
				777874641D9C1870006E9B6D /* JSQVideoMediaItem.m in Sources */,
				7778747E1D9C1870006E9B6D /* JSQMessagesToolbarContentView.m in Sources */,
				777874541D9C1870006E9B6D /* JSQMediaItem.m in Sources */,
				777874791D9C1870006E9B6D /* JSQMessagesLoadEarlierHeaderView.m in Sources */,
				7778744A1D9C1870006E9B6D /* JSQMessagesCollectionViewFlowLayout.m in Sources */,
				777874451D9C1870006E9B6D /* JSQAudioMediaViewAttributes.m in Sources */,
				777874671D9C1870006E9B6D /* JSQMessagesCellTextView.m in Sources */,
				7778745E1D9C1870006E9B6D /* JSQMessagesBubbleImage.m in Sources */,
				777874421D9C1870006E9B6D /* JSQMessagesToolbarButtonFactory.m in Sources */,
			);
			runOnlyForDeploymentPostprocessing = 0;
		};
/* End PBXSourcesBuildPhase section */

/* Begin XCBuildConfiguration section */
		777873081D9C16A0006E9B6D /* Debug */ = {
			isa = XCBuildConfiguration;
			buildSettings = {
				ALWAYS_SEARCH_USER_PATHS = NO;
				CLANG_ANALYZER_NONNULL = YES;
				CLANG_CXX_LANGUAGE_STANDARD = "gnu++0x";
				CLANG_CXX_LIBRARY = "libc++";
				CLANG_ENABLE_MODULES = YES;
				CLANG_ENABLE_OBJC_ARC = YES;
				CLANG_WARN_BOOL_CONVERSION = YES;
				CLANG_WARN_CONSTANT_CONVERSION = YES;
				CLANG_WARN_DIRECT_OBJC_ISA_USAGE = YES_ERROR;
				CLANG_WARN_DOCUMENTATION_COMMENTS = YES;
				CLANG_WARN_EMPTY_BODY = YES;
				CLANG_WARN_ENUM_CONVERSION = YES;
				CLANG_WARN_INFINITE_RECURSION = YES;
				CLANG_WARN_INT_CONVERSION = YES;
				CLANG_WARN_OBJC_ROOT_CLASS = YES_ERROR;
				CLANG_WARN_SUSPICIOUS_MOVES = YES;
				CLANG_WARN_UNREACHABLE_CODE = YES;
				CLANG_WARN__DUPLICATE_METHOD_MATCH = YES;
				"CODE_SIGN_IDENTITY[sdk=iphoneos*]" = "iPhone Developer";
				COPY_PHASE_STRIP = NO;
				CURRENT_PROJECT_VERSION = 1;
				DEBUG_INFORMATION_FORMAT = dwarf;
				ENABLE_STRICT_OBJC_MSGSEND = YES;
				ENABLE_TESTABILITY = YES;
				GCC_C_LANGUAGE_STANDARD = gnu99;
				GCC_DYNAMIC_NO_PIC = NO;
				GCC_NO_COMMON_BLOCKS = YES;
				GCC_OPTIMIZATION_LEVEL = 0;
				GCC_PREPROCESSOR_DEFINITIONS = (
					"DEBUG=1",
					"$(inherited)",
				);
				GCC_WARN_64_TO_32_BIT_CONVERSION = YES;
				GCC_WARN_ABOUT_RETURN_TYPE = YES_ERROR;
				GCC_WARN_UNDECLARED_SELECTOR = YES;
				GCC_WARN_UNINITIALIZED_AUTOS = YES_AGGRESSIVE;
				GCC_WARN_UNUSED_FUNCTION = YES;
				GCC_WARN_UNUSED_VARIABLE = YES;
				IPHONEOS_DEPLOYMENT_TARGET = 10.0;
				MTL_ENABLE_DEBUG_INFO = YES;
				ONLY_ACTIVE_ARCH = YES;
				SDKROOT = iphoneos;
				TARGETED_DEVICE_FAMILY = "1,2";
				VERSIONING_SYSTEM = "apple-generic";
				VERSION_INFO_PREFIX = "";
			};
			name = Debug;
		};
		777873091D9C16A0006E9B6D /* Release */ = {
			isa = XCBuildConfiguration;
			buildSettings = {
				ALWAYS_SEARCH_USER_PATHS = NO;
				CLANG_ANALYZER_NONNULL = YES;
				CLANG_CXX_LANGUAGE_STANDARD = "gnu++0x";
				CLANG_CXX_LIBRARY = "libc++";
				CLANG_ENABLE_MODULES = YES;
				CLANG_ENABLE_OBJC_ARC = YES;
				CLANG_WARN_BOOL_CONVERSION = YES;
				CLANG_WARN_CONSTANT_CONVERSION = YES;
				CLANG_WARN_DIRECT_OBJC_ISA_USAGE = YES_ERROR;
				CLANG_WARN_DOCUMENTATION_COMMENTS = YES;
				CLANG_WARN_EMPTY_BODY = YES;
				CLANG_WARN_ENUM_CONVERSION = YES;
				CLANG_WARN_INFINITE_RECURSION = YES;
				CLANG_WARN_INT_CONVERSION = YES;
				CLANG_WARN_OBJC_ROOT_CLASS = YES_ERROR;
				CLANG_WARN_SUSPICIOUS_MOVES = YES;
				CLANG_WARN_UNREACHABLE_CODE = YES;
				CLANG_WARN__DUPLICATE_METHOD_MATCH = YES;
				"CODE_SIGN_IDENTITY[sdk=iphoneos*]" = "iPhone Developer";
				COPY_PHASE_STRIP = NO;
				CURRENT_PROJECT_VERSION = 1;
				DEBUG_INFORMATION_FORMAT = "dwarf-with-dsym";
				ENABLE_NS_ASSERTIONS = NO;
				ENABLE_STRICT_OBJC_MSGSEND = YES;
				GCC_C_LANGUAGE_STANDARD = gnu99;
				GCC_NO_COMMON_BLOCKS = YES;
				GCC_WARN_64_TO_32_BIT_CONVERSION = YES;
				GCC_WARN_ABOUT_RETURN_TYPE = YES_ERROR;
				GCC_WARN_UNDECLARED_SELECTOR = YES;
				GCC_WARN_UNINITIALIZED_AUTOS = YES_AGGRESSIVE;
				GCC_WARN_UNUSED_FUNCTION = YES;
				GCC_WARN_UNUSED_VARIABLE = YES;
				IPHONEOS_DEPLOYMENT_TARGET = 10.0;
				MTL_ENABLE_DEBUG_INFO = NO;
				SDKROOT = iphoneos;
				TARGETED_DEVICE_FAMILY = "1,2";
				VALIDATE_PRODUCT = YES;
				VERSIONING_SYSTEM = "apple-generic";
				VERSION_INFO_PREFIX = "";
			};
			name = Release;
		};
		7778730B1D9C16A0006E9B6D /* Debug */ = {
			isa = XCBuildConfiguration;
			buildSettings = {
				CLANG_ALLOW_NON_MODULAR_INCLUDES_IN_FRAMEWORK_MODULES = YES;
				CODE_SIGN_IDENTITY = "";
				DEFINES_MODULE = YES;
				DYLIB_COMPATIBILITY_VERSION = 1;
				DYLIB_CURRENT_VERSION = 1;
				DYLIB_INSTALL_NAME_BASE = "@rpath";
				INFOPLIST_FILE = JSQMessagesFramework/JSQMessagesFramework/Info.plist;
				INSTALL_PATH = "$(LOCAL_LIBRARY_DIR)/Frameworks";
				LD_RUNPATH_SEARCH_PATHS = "$(inherited) @executable_path/Frameworks @loader_path/Frameworks";
				PRODUCT_BUNDLE_IDENTIFIER = com.93hz.JSQMessagesFramework;
				PRODUCT_NAME = "$(TARGET_NAME)";
				SKIP_INSTALL = YES;
			};
			name = Debug;
		};
		7778730C1D9C16A0006E9B6D /* Release */ = {
			isa = XCBuildConfiguration;
			buildSettings = {
				CLANG_ALLOW_NON_MODULAR_INCLUDES_IN_FRAMEWORK_MODULES = YES;
				CODE_SIGN_IDENTITY = "";
				DEFINES_MODULE = YES;
				DYLIB_COMPATIBILITY_VERSION = 1;
				DYLIB_CURRENT_VERSION = 1;
				DYLIB_INSTALL_NAME_BASE = "@rpath";
				INFOPLIST_FILE = JSQMessagesFramework/JSQMessagesFramework/Info.plist;
				INSTALL_PATH = "$(LOCAL_LIBRARY_DIR)/Frameworks";
				LD_RUNPATH_SEARCH_PATHS = "$(inherited) @executable_path/Frameworks @loader_path/Frameworks";
				PRODUCT_BUNDLE_IDENTIFIER = com.93hz.JSQMessagesFramework;
				PRODUCT_NAME = "$(TARGET_NAME)";
				SKIP_INSTALL = YES;
			};
			name = Release;
		};
/* End XCBuildConfiguration section */

/* Begin XCConfigurationList section */
		777872FC1D9C16A0006E9B6D /* Build configuration list for PBXProject "JSQMessagesViewController" */ = {
			isa = XCConfigurationList;
			buildConfigurations = (
				777873081D9C16A0006E9B6D /* Debug */,
				777873091D9C16A0006E9B6D /* Release */,
			);
			defaultConfigurationIsVisible = 0;
			defaultConfigurationName = Release;
		};
		7778730A1D9C16A0006E9B6D /* Build configuration list for PBXNativeTarget "JSQMessagesViewController" */ = {
			isa = XCConfigurationList;
			buildConfigurations = (
				7778730B1D9C16A0006E9B6D /* Debug */,
				7778730C1D9C16A0006E9B6D /* Release */,
			);
			defaultConfigurationIsVisible = 0;
			defaultConfigurationName = Release;
		};
/* End XCConfigurationList section */
	};
	rootObject = 777872F91D9C16A0006E9B6D /* Project object */;
}
